// !$*UTF8*$!
{
	archiveVersion = 1;
	classes = {
	};
	objectVersion = 46;
	objects = {

/* Begin PBXBuildFile section */
		1AC6FB1F180E996B004C840B /* libbox2d Mac.a in Frameworks */ = {isa = PBXBuildFile; fileRef = 1AC6FAFF180E9839004C840B /* libbox2d Mac.a */; };
		1AC6FB20180E996B004C840B /* libchipmunk Mac.a in Frameworks */ = {isa = PBXBuildFile; fileRef = 1AC6FAFD180E9839004C840B /* libchipmunk Mac.a */; };
		1AC6FB21180E996B004C840B /* libcocos2dx Mac.a in Frameworks */ = {isa = PBXBuildFile; fileRef = 1AC6FAF9180E9839004C840B /* libcocos2dx Mac.a */; };
		1AC6FB22180E996B004C840B /* libcocos2dx-extensions Mac.a in Frameworks */ = {isa = PBXBuildFile; fileRef = 1AC6FAFB180E9839004C840B /* libcocos2dx-extensions Mac.a */; };
		1AC6FB23180E996B004C840B /* libCocosDenshion Mac.a in Frameworks */ = {isa = PBXBuildFile; fileRef = 1AC6FB01180E9839004C840B /* libCocosDenshion Mac.a */; };
		1AC6FB2E180E99EB004C840B /* libbox2d iOS.a in Frameworks */ = {isa = PBXBuildFile; fileRef = 1AC6FB0D180E9839004C840B /* libbox2d iOS.a */; };
		1AC6FB2F180E99EB004C840B /* libchipmunk iOS.a in Frameworks */ = {isa = PBXBuildFile; fileRef = 1AC6FB0B180E9839004C840B /* libchipmunk iOS.a */; };
		1AC6FB30180E99EB004C840B /* libcocos2dx iOS.a in Frameworks */ = {isa = PBXBuildFile; fileRef = 1AC6FB07180E9839004C840B /* libcocos2dx iOS.a */; };
		1AC6FB31180E99EB004C840B /* libcocos2dx-extensions iOS.a in Frameworks */ = {isa = PBXBuildFile; fileRef = 1AC6FB09180E9839004C840B /* libcocos2dx-extensions iOS.a */; };
		1AFAF8B716D35DE700DB1158 /* AppDelegate.cpp in Sources */ = {isa = PBXBuildFile; fileRef = 1AFAF8B316D35DE700DB1158 /* AppDelegate.cpp */; };
		1D60589F0D05DD5A006BFB54 /* Foundation.framework in Frameworks */ = {isa = PBXBuildFile; fileRef = 1D30AB110D05D00D00671497 /* Foundation.framework */; };
		222355BB19585F8300C77E46 /* AppIcon29x29.png in Resources */ = {isa = PBXBuildFile; fileRef = 222355A819585F8300C77E46 /* AppIcon29x29.png */; };
		222355BC19585F8300C77E46 /* AppIcon29x29@2x.png in Resources */ = {isa = PBXBuildFile; fileRef = 222355A919585F8300C77E46 /* AppIcon29x29@2x.png */; };
		222355BD19585F8300C77E46 /* AppIcon40x40.png in Resources */ = {isa = PBXBuildFile; fileRef = 222355AA19585F8300C77E46 /* AppIcon40x40.png */; };
		222355BE19585F8300C77E46 /* AppIcon40x40@2x.png in Resources */ = {isa = PBXBuildFile; fileRef = 222355AB19585F8300C77E46 /* AppIcon40x40@2x.png */; };
		222355BF19585F8300C77E46 /* AppIcon60x60.png in Resources */ = {isa = PBXBuildFile; fileRef = 222355AC19585F8300C77E46 /* AppIcon60x60.png */; };
		222355C019585F8300C77E46 /* AppIcon60x60@2x.png in Resources */ = {isa = PBXBuildFile; fileRef = 222355AD19585F8300C77E46 /* AppIcon60x60@2x.png */; };
		222355C119585F8300C77E46 /* AppIcon76x76.png in Resources */ = {isa = PBXBuildFile; fileRef = 222355AE19585F8300C77E46 /* AppIcon76x76.png */; };
		222355C219585F8300C77E46 /* AppIcon76x76@2x.png in Resources */ = {isa = PBXBuildFile; fileRef = 222355AF19585F8300C77E46 /* AppIcon76x76@2x.png */; };
		222355C319585F8300C77E46 /* Icon-72.png in Resources */ = {isa = PBXBuildFile; fileRef = 222355B019585F8300C77E46 /* Icon-72.png */; };
		222355C419585F8300C77E46 /* Icon-72@2x.png in Resources */ = {isa = PBXBuildFile; fileRef = 222355B119585F8300C77E46 /* Icon-72@2x.png */; };
		222355C519585F8300C77E46 /* Icon-Small-50.png in Resources */ = {isa = PBXBuildFile; fileRef = 222355B219585F8300C77E46 /* Icon-Small-50.png */; };
		222355C619585F8300C77E46 /* Icon-Small-50@2x.png in Resources */ = {isa = PBXBuildFile; fileRef = 222355B319585F8300C77E46 /* Icon-Small-50@2x.png */; };
		222355C719585F8300C77E46 /* Icon-Small.png in Resources */ = {isa = PBXBuildFile; fileRef = 222355B419585F8300C77E46 /* Icon-Small.png */; };
		222355C819585F8300C77E46 /* Icon-Small@2x.png in Resources */ = {isa = PBXBuildFile; fileRef = 222355B519585F8300C77E46 /* Icon-Small@2x.png */; };
		222355C919585F8300C77E46 /* Icon.png in Resources */ = {isa = PBXBuildFile; fileRef = 222355B619585F8300C77E46 /* Icon.png */; };
		222355CA19585F8300C77E46 /* Icon@2x.png in Resources */ = {isa = PBXBuildFile; fileRef = 222355B719585F8300C77E46 /* Icon@2x.png */; };
		222355CC19585F8300C77E46 /* iTunesArtwork.png in Resources */ = {isa = PBXBuildFile; fileRef = 222355B919585F8300C77E46 /* iTunesArtwork.png */; };
		222355CD19585F8300C77E46 /* iTunesArtwork@2x.png in Resources */ = {isa = PBXBuildFile; fileRef = 222355BA19585F8300C77E46 /* iTunesArtwork@2x.png */; };
		222355CF1958620F00C77E46 /* Default-568h@2x.png in Resources */ = {isa = PBXBuildFile; fileRef = 222355CE1958620F00C77E46 /* Default-568h@2x.png */; };
		222355D61958687E00C77E46 /* libFlurry_4.3.2.a in Frameworks */ = {isa = PBXBuildFile; fileRef = 222355D51958687E00C77E46 /* libFlurry_4.3.2.a */; };
		222355E0195868FB00C77E46 /* AnalyticX.mm in Sources */ = {isa = PBXBuildFile; fileRef = 222355DD195868FB00C77E46 /* AnalyticX.mm */; };
		222355E1195868FB00C77E46 /* AnalyticXStringUtil.mm in Sources */ = {isa = PBXBuildFile; fileRef = 222355DF195868FB00C77E46 /* AnalyticXStringUtil.mm */; };
		222355E719586B9D00C77E46 /* SystemConfiguration.framework in Frameworks */ = {isa = PBXBuildFile; fileRef = 222355E519586B7600C77E46 /* SystemConfiguration.framework */; };
		222355E919586BAE00C77E46 /* Security.framework in Frameworks */ = {isa = PBXBuildFile; fileRef = 222355E819586BAE00C77E46 /* Security.framework */; };
		222355F01958720700C77E46 /* libChartboost.a in Frameworks */ = {isa = PBXBuildFile; fileRef = 222355EE1958720700C77E46 /* libChartboost.a */; };
		222355F31958724C00C77E46 /* CoreGraphics.framework in Frameworks */ = {isa = PBXBuildFile; fileRef = 222355F21958724C00C77E46 /* CoreGraphics.framework */; };
		222355F51958725800C77E46 /* QuartzCore.framework in Frameworks */ = {isa = PBXBuildFile; fileRef = 222355F41958725800C77E46 /* QuartzCore.framework */; };
		222355F71958726500C77E46 /* StoreKit.framework in Frameworks */ = {isa = PBXBuildFile; fileRef = 222355F61958726500C77E46 /* StoreKit.framework */; };
		222355F81958726B00C77E46 /* AdSupport.framework in Frameworks */ = {isa = PBXBuildFile; fileRef = 222355E319586B6200C77E46 /* AdSupport.framework */; };
		2223560A1958813A00C77E46 /* libGoogleAdMobAds.a in Frameworks */ = {isa = PBXBuildFile; fileRef = 222356081958813A00C77E46 /* libGoogleAdMobAds.a */; };
		2223560B1958813A00C77E46 /* README.txt in Resources */ = {isa = PBXBuildFile; fileRef = 222356091958813A00C77E46 /* README.txt */; };
		2223560D1958816400C77E46 /* MessageUI.framework in Frameworks */ = {isa = PBXBuildFile; fileRef = 2223560C1958816400C77E46 /* MessageUI.framework */; };
		2223560F1958817500C77E46 /* CoreTelephony.framework in Frameworks */ = {isa = PBXBuildFile; fileRef = 2223560E1958817500C77E46 /* CoreTelephony.framework */; };
		22235615195881DC00C77E46 /* BannerViewController.m in Sources */ = {isa = PBXBuildFile; fileRef = 22235614195881DC00C77E46 /* BannerViewController.m */; };
		22235617195885D000C77E46 /* MediaPlayer.framework in Frameworks */ = {isa = PBXBuildFile; fileRef = 22235616195885D000C77E46 /* MediaPlayer.framework */; };
		225D63D119581B5C0010CF1F /* font in Resources */ = {isa = PBXBuildFile; fileRef = 225D63D019581B5C0010CF1F /* font */; };
		225D63D519581B660010CF1F /* LogoBalzo_white.png in Resources */ = {isa = PBXBuildFile; fileRef = 225D63D419581B660010CF1F /* LogoBalzo_white.png */; };
		2286156F19E192100042B8DA /* OpenGLES.framework in Frameworks */ = {isa = PBXBuildFile; fileRef = 2286156E19E192100042B8DA /* OpenGLES.framework */; };
		2286157319E1921C0042B8DA /* UIKit.framework in Frameworks */ = {isa = PBXBuildFile; fileRef = 2286157219E1921C0042B8DA /* UIKit.framework */; };
		2286157519E192270042B8DA /* CoreMotion.framework in Frameworks */ = {isa = PBXBuildFile; fileRef = 2286157419E192260042B8DA /* CoreMotion.framework */; };
		2286157619E192350042B8DA /* libCocosDenshion Mac.a in Frameworks */ = {isa = PBXBuildFile; fileRef = 1AC6FB01180E9839004C840B /* libCocosDenshion Mac.a */; };
		2286157719E192450042B8DA /* libCocosDenshion iOS.a in Frameworks */ = {isa = PBXBuildFile; fileRef = 1AC6FB0F180E9839004C840B /* libCocosDenshion iOS.a */; };
		22AFA9021965606C0067A00D /* CHANGELOG.md in Resources */ = {isa = PBXBuildFile; fileRef = 22AFA8FE1965606C0067A00D /* CHANGELOG.md */; };
		22AFA9031965606C0067A00D /* ChartboostX_ios.mm in Sources */ = {isa = PBXBuildFile; fileRef = 22AFA9001965606C0067A00D /* ChartboostX_ios.mm */; };
		22AFA9041965606C0067A00D /* README.md in Resources */ = {isa = PBXBuildFile; fileRef = 22AFA9011965606C0067A00D /* README.md */; };
		22AFA906196560980067A00D /* CoreMedia.framework in Frameworks */ = {isa = PBXBuildFile; fileRef = 22AFA905196560980067A00D /* CoreMedia.framework */; };
		22AFA9081965609E0067A00D /* CoreData.framework in Frameworks */ = {isa = PBXBuildFile; fileRef = 22AFA9071965609E0067A00D /* CoreData.framework */; };
		22AFA90A196560A30067A00D /* AVFoundation.framework in Frameworks */ = {isa = PBXBuildFile; fileRef = 22AFA909196560A30067A00D /* AVFoundation.framework */; };
		22B292B919547401004DDC29 /* GameScene.cpp in Sources */ = {isa = PBXBuildFile; fileRef = 22B292B719547401004DDC29 /* GameScene.cpp */; };
		22B292BE19547427004DDC29 /* FakeSplash.cpp in Sources */ = {isa = PBXBuildFile; fileRef = 22B292BC19547427004DDC29 /* FakeSplash.cpp */; };
		22B292C119547730004DDC29 /* Obstacle.cpp in Sources */ = {isa = PBXBuildFile; fileRef = 22B292BF19547730004DDC29 /* Obstacle.cpp */; };
		22B292C419547775004DDC29 /* VisibleRect.cpp in Sources */ = {isa = PBXBuildFile; fileRef = 22B292C219547775004DDC29 /* VisibleRect.cpp */; };
		22B292CF1954794A004DDC29 /* Suoni in Resources */ = {isa = PBXBuildFile; fileRef = 22B292CB1954794A004DDC29 /* Suoni */; };
		22B292E619547967004DDC29 /* dump.c in Sources */ = {isa = PBXBuildFile; fileRef = 22B292D119547967004DDC29 /* dump.c */; };
		22B292E719547967004DDC29 /* error.c in Sources */ = {isa = PBXBuildFile; fileRef = 22B292D219547967004DDC29 /* error.c */; };
		22B292E819547967004DDC29 /* hashtable.c in Sources */ = {isa = PBXBuildFile; fileRef = 22B292D319547967004DDC29 /* hashtable.c */; };
		22B292E919547967004DDC29 /* load.c in Sources */ = {isa = PBXBuildFile; fileRef = 22B292D819547967004DDC29 /* load.c */; };
		22B292EA19547967004DDC29 /* memory.c in Sources */ = {isa = PBXBuildFile; fileRef = 22B292D919547967004DDC29 /* memory.c */; };
		22B292EB19547967004DDC29 /* pack_unpack.c in Sources */ = {isa = PBXBuildFile; fileRef = 22B292DA19547967004DDC29 /* pack_unpack.c */; };
		22B292EC19547967004DDC29 /* strbuffer.c in Sources */ = {isa = PBXBuildFile; fileRef = 22B292DB19547967004DDC29 /* strbuffer.c */; };
		22B292ED19547967004DDC29 /* strconv.c in Sources */ = {isa = PBXBuildFile; fileRef = 22B292DD19547967004DDC29 /* strconv.c */; };
		22B292EE19547967004DDC29 /* utf.c in Sources */ = {isa = PBXBuildFile; fileRef = 22B292DE19547967004DDC29 /* utf.c */; };
		22B292EF19547967004DDC29 /* value.c in Sources */ = {isa = PBXBuildFile; fileRef = 22B292E019547967004DDC29 /* value.c */; };
		22B292F019547967004DDC29 /* NDKCallbackNode.cpp in Sources */ = {isa = PBXBuildFile; fileRef = 22B292E219547967004DDC29 /* NDKCallbackNode.cpp */; };
		22B292F119547967004DDC29 /* NDKHelper.cpp in Sources */ = {isa = PBXBuildFile; fileRef = 22B292E419547967004DDC29 /* NDKHelper.cpp */; };
		22B292F619547C7A004DDC29 /* IOSNDKHelper.mm in Sources */ = {isa = PBXBuildFile; fileRef = 22B292F519547C7A004DDC29 /* IOSNDKHelper.mm */; };
		22B29416195481A1004DDC29 /* bg_ripetere.png in Resources */ = {isa = PBXBuildFile; fileRef = 22B293DC195481A1004DDC29 /* bg_ripetere.png */; };
		22B29421195481A1004DDC29 /* logo.png in Resources */ = {isa = PBXBuildFile; fileRef = 22B293E8195481A1004DDC29 /* logo.png */; };
		22B2942A195481A1004DDC29 /* palla.png in Resources */ = {isa = PBXBuildFile; fileRef = 22B293F1195481A1004DDC29 /* palla.png */; };
		22B2942F195481A1004DDC29 /* rootBtn.png in Resources */ = {isa = PBXBuildFile; fileRef = 22B293F7195481A1004DDC29 /* rootBtn.png */; };
		22B29430195481A1004DDC29 /* rootBtnTap.png in Resources */ = {isa = PBXBuildFile; fileRef = 22B293F8195481A1004DDC29 /* rootBtnTap.png */; };
		22B29431195481A1004DDC29 /* splashScreen.png in Resources */ = {isa = PBXBuildFile; fileRef = 22B293F9195481A1004DDC29 /* splashScreen.png */; };
		22B29432195481A1004DDC29 /* tifosiForeground.png in Resources */ = {isa = PBXBuildFile; fileRef = 22B293FA195481A1004DDC29 /* tifosiForeground.png */; };
		22DDF1A9195607D50046F585 /* PoseMario in Resources */ = {isa = PBXBuildFile; fileRef = 22DDF1A7195607D50046F585 /* PoseMario */; };
		22DDF1AA195607D50046F585 /* tonyEsultante in Resources */ = {isa = PBXBuildFile; fileRef = 22DDF1A8195607D50046F585 /* tonyEsultante */; };
		288765A50DF7441C002DB57D /* CoreGraphics.framework in Frameworks */ = {isa = PBXBuildFile; fileRef = 288765A40DF7441C002DB57D /* CoreGraphics.framework */; };
		503AE0F817EB97AB00D1A890 /* Icon.icns in Resources */ = {isa = PBXBuildFile; fileRef = 503AE0F617EB97AB00D1A890 /* Icon.icns */; };
		503AE10017EB989F00D1A890 /* AppController.mm in Sources */ = {isa = PBXBuildFile; fileRef = 503AE0FB17EB989F00D1A890 /* AppController.mm */; };
		503AE10117EB989F00D1A890 /* main.m in Sources */ = {isa = PBXBuildFile; fileRef = 503AE0FC17EB989F00D1A890 /* main.m */; };
		503AE10217EB989F00D1A890 /* RootViewController.mm in Sources */ = {isa = PBXBuildFile; fileRef = 503AE0FF17EB989F00D1A890 /* RootViewController.mm */; };
		503AE10517EB98FF00D1A890 /* main.cpp in Sources */ = {isa = PBXBuildFile; fileRef = 503AE10317EB98FF00D1A890 /* main.cpp */; };
		503AE11217EB99EE00D1A890 /* libcurl.dylib in Frameworks */ = {isa = PBXBuildFile; fileRef = 503AE11117EB99EE00D1A890 /* libcurl.dylib */; };
		503AE11B17EB9C5A00D1A890 /* IOKit.framework in Frameworks */ = {isa = PBXBuildFile; fileRef = 503AE11A17EB9C5A00D1A890 /* IOKit.framework */; };
		5087E75717EB910900C73F5D /* AppDelegate.cpp in Sources */ = {isa = PBXBuildFile; fileRef = 1AFAF8B316D35DE700DB1158 /* AppDelegate.cpp */; };
		5087E76317EB910900C73F5D /* Foundation.framework in Frameworks */ = {isa = PBXBuildFile; fileRef = 1D30AB110D05D00D00671497 /* Foundation.framework */; };
		5087E76517EB910900C73F5D /* CoreGraphics.framework in Frameworks */ = {isa = PBXBuildFile; fileRef = 288765A40DF7441C002DB57D /* CoreGraphics.framework */; };
		5087E76717EB910900C73F5D /* libz.dylib in Frameworks */ = {isa = PBXBuildFile; fileRef = BF170DB412928DE900B8313A /* libz.dylib */; };
		5087E76817EB910900C73F5D /* QuartzCore.framework in Frameworks */ = {isa = PBXBuildFile; fileRef = BF1C47EA1293683800B63C5D /* QuartzCore.framework */; };
		5087E76917EB910900C73F5D /* OpenAL.framework in Frameworks */ = {isa = PBXBuildFile; fileRef = D44C620B132DFF330009C878 /* OpenAL.framework */; };
		5087E76A17EB910900C73F5D /* AVFoundation.framework in Frameworks */ = {isa = PBXBuildFile; fileRef = D44C620D132DFF430009C878 /* AVFoundation.framework */; };
		5087E76B17EB910900C73F5D /* AudioToolbox.framework in Frameworks */ = {isa = PBXBuildFile; fileRef = D44C620F132DFF4E0009C878 /* AudioToolbox.framework */; };
		5087E78917EB974C00C73F5D /* AppKit.framework in Frameworks */ = {isa = PBXBuildFile; fileRef = 5087E78817EB974C00C73F5D /* AppKit.framework */; };
		5087E78B17EB975400C73F5D /* OpenGL.framework in Frameworks */ = {isa = PBXBuildFile; fileRef = 5087E78A17EB975400C73F5D /* OpenGL.framework */; };
		BF1712471292920000B8313A /* libz.dylib in Frameworks */ = {isa = PBXBuildFile; fileRef = BF170DB412928DE900B8313A /* libz.dylib */; };
		BF1C47F01293687400B63C5D /* QuartzCore.framework in Frameworks */ = {isa = PBXBuildFile; fileRef = BF1C47EA1293683800B63C5D /* QuartzCore.framework */; };
		D44C620C132DFF330009C878 /* OpenAL.framework in Frameworks */ = {isa = PBXBuildFile; fileRef = D44C620B132DFF330009C878 /* OpenAL.framework */; };
		D44C620E132DFF430009C878 /* AVFoundation.framework in Frameworks */ = {isa = PBXBuildFile; fileRef = D44C620D132DFF430009C878 /* AVFoundation.framework */; };
		D44C6210132DFF4E0009C878 /* AudioToolbox.framework in Frameworks */ = {isa = PBXBuildFile; fileRef = D44C620F132DFF4E0009C878 /* AudioToolbox.framework */; };
/* End PBXBuildFile section */

/* Begin PBXContainerItemProxy section */
		1AC6FAF8180E9839004C840B /* PBXContainerItemProxy */ = {
			isa = PBXContainerItemProxy;
			containerPortal = 1AC6FAE5180E9839004C840B /* cocos2d_libs.xcodeproj */;
			proxyType = 2;
			remoteGlobalIDString = 1551A33F158F2AB200E66CFE;
			remoteInfo = "cocos2dx Mac";
		};
		1AC6FAFA180E9839004C840B /* PBXContainerItemProxy */ = {
			isa = PBXContainerItemProxy;
			containerPortal = 1AC6FAE5180E9839004C840B /* cocos2d_libs.xcodeproj */;
			proxyType = 2;
			remoteGlobalIDString = A03F2FD617814595006731B9;
			remoteInfo = "cocos2dx-extensions Mac";
		};
		1AC6FAFC180E9839004C840B /* PBXContainerItemProxy */ = {
			isa = PBXContainerItemProxy;
			containerPortal = 1AC6FAE5180E9839004C840B /* cocos2d_libs.xcodeproj */;
			proxyType = 2;
			remoteGlobalIDString = A03F2CB81780BD04006731B9;
			remoteInfo = "chipmunk Mac";
		};
		1AC6FAFE180E9839004C840B /* PBXContainerItemProxy */ = {
			isa = PBXContainerItemProxy;
			containerPortal = 1AC6FAE5180E9839004C840B /* cocos2d_libs.xcodeproj */;
			proxyType = 2;
			remoteGlobalIDString = A03F2D9B1780BDF7006731B9;
			remoteInfo = "box2d Mac";
		};
		1AC6FB00180E9839004C840B /* PBXContainerItemProxy */ = {
			isa = PBXContainerItemProxy;
			containerPortal = 1AC6FAE5180E9839004C840B /* cocos2d_libs.xcodeproj */;
			proxyType = 2;
			remoteGlobalIDString = A03F2ED617814268006731B9;
			remoteInfo = "CocosDenshion Mac";
		};
		1AC6FB06180E9839004C840B /* PBXContainerItemProxy */ = {
			isa = PBXContainerItemProxy;
			containerPortal = 1AC6FAE5180E9839004C840B /* cocos2d_libs.xcodeproj */;
			proxyType = 2;
			remoteGlobalIDString = A07A4D641783777C0073F6A7;
			remoteInfo = "cocos2dx iOS";
		};
		1AC6FB08180E9839004C840B /* PBXContainerItemProxy */ = {
			isa = PBXContainerItemProxy;
			containerPortal = 1AC6FAE5180E9839004C840B /* cocos2d_libs.xcodeproj */;
			proxyType = 2;
			remoteGlobalIDString = A07A4EFC1783867C0073F6A7;
			remoteInfo = "cocos2dx-extensions iOS";
		};
		1AC6FB0A180E9839004C840B /* PBXContainerItemProxy */ = {
			isa = PBXContainerItemProxy;
			containerPortal = 1AC6FAE5180E9839004C840B /* cocos2d_libs.xcodeproj */;
			proxyType = 2;
			remoteGlobalIDString = A07A4F3B178387670073F6A7;
			remoteInfo = "chipmunk iOS";
		};
		1AC6FB0C180E9839004C840B /* PBXContainerItemProxy */ = {
			isa = PBXContainerItemProxy;
			containerPortal = 1AC6FAE5180E9839004C840B /* cocos2d_libs.xcodeproj */;
			proxyType = 2;
			remoteGlobalIDString = A07A4F9E1783876B0073F6A7;
			remoteInfo = "box2d iOS";
		};
		1AC6FB0E180E9839004C840B /* PBXContainerItemProxy */ = {
			isa = PBXContainerItemProxy;
			containerPortal = 1AC6FAE5180E9839004C840B /* cocos2d_libs.xcodeproj */;
			proxyType = 2;
			remoteGlobalIDString = A07A4FB4178387730073F6A7;
			remoteInfo = "CocosDenshion iOS";
		};
		1AC6FB15180E9959004C840B /* PBXContainerItemProxy */ = {
			isa = PBXContainerItemProxy;
			containerPortal = 1AC6FAE5180E9839004C840B /* cocos2d_libs.xcodeproj */;
			proxyType = 1;
			remoteGlobalIDString = 1551A33E158F2AB200E66CFE;
			remoteInfo = "cocos2dx Mac";
		};
		1AC6FB17180E9959004C840B /* PBXContainerItemProxy */ = {
			isa = PBXContainerItemProxy;
			containerPortal = 1AC6FAE5180E9839004C840B /* cocos2d_libs.xcodeproj */;
			proxyType = 1;
			remoteGlobalIDString = A03F2FC117814595006731B9;
			remoteInfo = "cocos2dx-extensions Mac";
		};
		1AC6FB19180E9959004C840B /* PBXContainerItemProxy */ = {
			isa = PBXContainerItemProxy;
			containerPortal = 1AC6FAE5180E9839004C840B /* cocos2d_libs.xcodeproj */;
			proxyType = 1;
			remoteGlobalIDString = A03F2B781780BD04006731B9;
			remoteInfo = "chipmunk Mac";
		};
		1AC6FB1B180E9959004C840B /* PBXContainerItemProxy */ = {
			isa = PBXContainerItemProxy;
			containerPortal = 1AC6FAE5180E9839004C840B /* cocos2d_libs.xcodeproj */;
			proxyType = 1;
			remoteGlobalIDString = A03F2E9817814268006731B9;
			remoteInfo = "CocosDenshion Mac";
		};
		1AC6FB1D180E9963004C840B /* PBXContainerItemProxy */ = {
			isa = PBXContainerItemProxy;
			containerPortal = 1AC6FAE5180E9839004C840B /* cocos2d_libs.xcodeproj */;
			proxyType = 1;
			remoteGlobalIDString = A03F2D5D1780BDF7006731B9;
			remoteInfo = "box2d Mac";
		};
		1AC6FB24180E99E1004C840B /* PBXContainerItemProxy */ = {
			isa = PBXContainerItemProxy;
			containerPortal = 1AC6FAE5180E9839004C840B /* cocos2d_libs.xcodeproj */;
			proxyType = 1;
			remoteGlobalIDString = A07A4C241783777C0073F6A7;
			remoteInfo = "cocos2dx iOS";
		};
		1AC6FB26180E99E1004C840B /* PBXContainerItemProxy */ = {
			isa = PBXContainerItemProxy;
			containerPortal = 1AC6FAE5180E9839004C840B /* cocos2d_libs.xcodeproj */;
			proxyType = 1;
			remoteGlobalIDString = A07A4E111783867C0073F6A7;
			remoteInfo = "cocos2dx-extensions iOS";
		};
		1AC6FB28180E99E1004C840B /* PBXContainerItemProxy */ = {
			isa = PBXContainerItemProxy;
			containerPortal = 1AC6FAE5180E9839004C840B /* cocos2d_libs.xcodeproj */;
			proxyType = 1;
			remoteGlobalIDString = A07A4EFD178387670073F6A7;
			remoteInfo = "chipmunk iOS";
		};
		1AC6FB2A180E99E1004C840B /* PBXContainerItemProxy */ = {
			isa = PBXContainerItemProxy;
			containerPortal = 1AC6FAE5180E9839004C840B /* cocos2d_libs.xcodeproj */;
			proxyType = 1;
			remoteGlobalIDString = A07A4F3C1783876B0073F6A7;
			remoteInfo = "box2d iOS";
		};
		1AC6FB2C180E99E1004C840B /* PBXContainerItemProxy */ = {
			isa = PBXContainerItemProxy;
			containerPortal = 1AC6FAE5180E9839004C840B /* cocos2d_libs.xcodeproj */;
			proxyType = 1;
			remoteGlobalIDString = A07A4F9F178387730073F6A7;
			remoteInfo = "CocosDenshion iOS";
		};
/* End PBXContainerItemProxy section */

/* Begin PBXFileReference section */
		1AC6FAE5180E9839004C840B /* cocos2d_libs.xcodeproj */ = {isa = PBXFileReference; lastKnownFileType = "wrapper.pb-project"; name = cocos2d_libs.xcodeproj; path = ../cocos2d/build/cocos2d_libs.xcodeproj; sourceTree = "<group>"; };
		1ACB3243164770DE00914215 /* libcurl.a */ = {isa = PBXFileReference; lastKnownFileType = archive.ar; name = libcurl.a; path = ../../cocos2dx/platform/third_party/ios/libraries/libcurl.a; sourceTree = "<group>"; };
		1AFAF8B316D35DE700DB1158 /* AppDelegate.cpp */ = {isa = PBXFileReference; fileEncoding = 4; lastKnownFileType = sourcecode.cpp.cpp; name = AppDelegate.cpp; path = ../Classes/AppDelegate.cpp; sourceTree = "<group>"; };
		1AFAF8B416D35DE700DB1158 /* AppDelegate.h */ = {isa = PBXFileReference; fileEncoding = 4; lastKnownFileType = sourcecode.c.h; name = AppDelegate.h; path = ../Classes/AppDelegate.h; sourceTree = "<group>"; };
		1D30AB110D05D00D00671497 /* Foundation.framework */ = {isa = PBXFileReference; lastKnownFileType = wrapper.framework; name = Foundation.framework; path = System/Library/Frameworks/Foundation.framework; sourceTree = SDKROOT; };
		1D6058910D05DD3D006BFB54 /* FlappyMario iOS.app */ = {isa = PBXFileReference; explicitFileType = wrapper.application; includeInIndex = 0; path = "FlappyMario iOS.app"; sourceTree = BUILT_PRODUCTS_DIR; };
		1DF5F4DF0D08C38300B7A737 /* UIKit.framework */ = {isa = PBXFileReference; lastKnownFileType = wrapper.framework; name = UIKit.framework; path = System/Library/Frameworks/UIKit.framework; sourceTree = SDKROOT; };
		222355A819585F8300C77E46 /* AppIcon29x29.png */ = {isa = PBXFileReference; lastKnownFileType = image.png; path = AppIcon29x29.png; sourceTree = "<group>"; };
		222355A919585F8300C77E46 /* AppIcon29x29@2x.png */ = {isa = PBXFileReference; lastKnownFileType = image.png; path = "AppIcon29x29@2x.png"; sourceTree = "<group>"; };
		222355AA19585F8300C77E46 /* AppIcon40x40.png */ = {isa = PBXFileReference; lastKnownFileType = image.png; path = AppIcon40x40.png; sourceTree = "<group>"; };
		222355AB19585F8300C77E46 /* AppIcon40x40@2x.png */ = {isa = PBXFileReference; lastKnownFileType = image.png; path = "AppIcon40x40@2x.png"; sourceTree = "<group>"; };
		222355AC19585F8300C77E46 /* AppIcon60x60.png */ = {isa = PBXFileReference; lastKnownFileType = image.png; path = AppIcon60x60.png; sourceTree = "<group>"; };
		222355AD19585F8300C77E46 /* AppIcon60x60@2x.png */ = {isa = PBXFileReference; lastKnownFileType = image.png; path = "AppIcon60x60@2x.png"; sourceTree = "<group>"; };
		222355AE19585F8300C77E46 /* AppIcon76x76.png */ = {isa = PBXFileReference; lastKnownFileType = image.png; path = AppIcon76x76.png; sourceTree = "<group>"; };
		222355AF19585F8300C77E46 /* AppIcon76x76@2x.png */ = {isa = PBXFileReference; lastKnownFileType = image.png; path = "AppIcon76x76@2x.png"; sourceTree = "<group>"; };
		222355B019585F8300C77E46 /* Icon-72.png */ = {isa = PBXFileReference; lastKnownFileType = image.png; path = "Icon-72.png"; sourceTree = "<group>"; };
		222355B119585F8300C77E46 /* Icon-72@2x.png */ = {isa = PBXFileReference; lastKnownFileType = image.png; path = "Icon-72@2x.png"; sourceTree = "<group>"; };
		222355B219585F8300C77E46 /* Icon-Small-50.png */ = {isa = PBXFileReference; lastKnownFileType = image.png; path = "Icon-Small-50.png"; sourceTree = "<group>"; };
		222355B319585F8300C77E46 /* Icon-Small-50@2x.png */ = {isa = PBXFileReference; lastKnownFileType = image.png; path = "Icon-Small-50@2x.png"; sourceTree = "<group>"; };
		222355B419585F8300C77E46 /* Icon-Small.png */ = {isa = PBXFileReference; lastKnownFileType = image.png; path = "Icon-Small.png"; sourceTree = "<group>"; };
		222355B519585F8300C77E46 /* Icon-Small@2x.png */ = {isa = PBXFileReference; lastKnownFileType = image.png; path = "Icon-Small@2x.png"; sourceTree = "<group>"; };
		222355B619585F8300C77E46 /* Icon.png */ = {isa = PBXFileReference; lastKnownFileType = image.png; path = Icon.png; sourceTree = "<group>"; };
		222355B719585F8300C77E46 /* Icon@2x.png */ = {isa = PBXFileReference; lastKnownFileType = image.png; path = "Icon@2x.png"; sourceTree = "<group>"; };
		222355B819585F8300C77E46 /* Info.plist */ = {isa = PBXFileReference; fileEncoding = 4; lastKnownFileType = text.plist.xml; path = Info.plist; sourceTree = "<group>"; };
		222355B919585F8300C77E46 /* iTunesArtwork.png */ = {isa = PBXFileReference; lastKnownFileType = image.png; path = iTunesArtwork.png; sourceTree = "<group>"; };
		222355BA19585F8300C77E46 /* iTunesArtwork@2x.png */ = {isa = PBXFileReference; lastKnownFileType = image.png; path = "iTunesArtwork@2x.png"; sourceTree = "<group>"; };
		222355CE1958620F00C77E46 /* Default-568h@2x.png */ = {isa = PBXFileReference; lastKnownFileType = image.png; path = "Default-568h@2x.png"; sourceTree = "<group>"; };
		222355D51958687E00C77E46 /* libFlurry_4.3.2.a */ = {isa = PBXFileReference; lastKnownFileType = archive.ar; name = libFlurry_4.3.2.a; path = ios/libFlurry_4.3.2.a; sourceTree = SOURCE_ROOT; };
		222355D8195868A500C77E46 /* Flurry.h */ = {isa = PBXFileReference; lastKnownFileType = sourcecode.c.h; name = Flurry.h; path = ios/Flurry.h; sourceTree = SOURCE_ROOT; };
		222355DD195868FB00C77E46 /* AnalyticX.mm */ = {isa = PBXFileReference; fileEncoding = 4; lastKnownFileType = sourcecode.cpp.objcpp; path = AnalyticX.mm; sourceTree = "<group>"; };
		222355DE195868FB00C77E46 /* AnalyticXStringUtil.h */ = {isa = PBXFileReference; fileEncoding = 4; lastKnownFileType = sourcecode.c.h; path = AnalyticXStringUtil.h; sourceTree = "<group>"; };
		222355DF195868FB00C77E46 /* AnalyticXStringUtil.mm */ = {isa = PBXFileReference; fileEncoding = 4; lastKnownFileType = sourcecode.cpp.objcpp; path = AnalyticXStringUtil.mm; sourceTree = "<group>"; };
		222355E319586B6200C77E46 /* AdSupport.framework */ = {isa = PBXFileReference; lastKnownFileType = wrapper.framework; name = AdSupport.framework; path = Platforms/iPhoneOS.platform/Developer/SDKs/iPhoneOS7.1.sdk/System/Library/Frameworks/AdSupport.framework; sourceTree = DEVELOPER_DIR; };
		222355E519586B7600C77E46 /* SystemConfiguration.framework */ = {isa = PBXFileReference; lastKnownFileType = wrapper.framework; name = SystemConfiguration.framework; path = Platforms/iPhoneOS.platform/Developer/SDKs/iPhoneOS7.1.sdk/System/Library/Frameworks/SystemConfiguration.framework; sourceTree = DEVELOPER_DIR; };
		222355E819586BAE00C77E46 /* Security.framework */ = {isa = PBXFileReference; lastKnownFileType = wrapper.framework; name = Security.framework; path = Platforms/iPhoneOS.platform/Developer/SDKs/iPhoneOS7.1.sdk/System/Library/Frameworks/Security.framework; sourceTree = DEVELOPER_DIR; };
		222355EE1958720700C77E46 /* libChartboost.a */ = {isa = PBXFileReference; lastKnownFileType = archive.ar; name = libChartboost.a; path = ios/libChartboost.a; sourceTree = SOURCE_ROOT; };
		222355F11958721400C77E46 /* AnalyticX.h */ = {isa = PBXFileReference; fileEncoding = 4; lastKnownFileType = sourcecode.c.h; name = AnalyticX.h; path = ../Classes/AnalyticX/AnalyticX.h; sourceTree = "<group>"; };
		222355F21958724C00C77E46 /* CoreGraphics.framework */ = {isa = PBXFileReference; lastKnownFileType = wrapper.framework; name = CoreGraphics.framework; path = Platforms/iPhoneOS.platform/Developer/SDKs/iPhoneOS7.1.sdk/System/Library/Frameworks/CoreGraphics.framework; sourceTree = DEVELOPER_DIR; };
		222355F41958725800C77E46 /* QuartzCore.framework */ = {isa = PBXFileReference; lastKnownFileType = wrapper.framework; name = QuartzCore.framework; path = Platforms/iPhoneOS.platform/Developer/SDKs/iPhoneOS7.1.sdk/System/Library/Frameworks/QuartzCore.framework; sourceTree = DEVELOPER_DIR; };
		222355F61958726500C77E46 /* StoreKit.framework */ = {isa = PBXFileReference; lastKnownFileType = wrapper.framework; name = StoreKit.framework; path = Platforms/iPhoneOS.platform/Developer/SDKs/iPhoneOS7.1.sdk/System/Library/Frameworks/StoreKit.framework; sourceTree = DEVELOPER_DIR; };
		222355FA195879A200C77E46 /* ChartboostX.h */ = {isa = PBXFileReference; lastKnownFileType = sourcecode.c.h; name = ChartboostX.h; path = ../Classes/ChartboostX.h; sourceTree = "<group>"; };
		222355FC1958813A00C77E46 /* GADAdMobExtras.h */ = {isa = PBXFileReference; fileEncoding = 4; lastKnownFileType = sourcecode.c.h; path = GADAdMobExtras.h; sourceTree = "<group>"; };
		222355FD1958813A00C77E46 /* GADAdNetworkExtras.h */ = {isa = PBXFileReference; fileEncoding = 4; lastKnownFileType = sourcecode.c.h; path = GADAdNetworkExtras.h; sourceTree = "<group>"; };
		222355FE1958813A00C77E46 /* GADAdSize.h */ = {isa = PBXFileReference; fileEncoding = 4; lastKnownFileType = sourcecode.c.h; path = GADAdSize.h; sourceTree = "<group>"; };
		222355FF1958813A00C77E46 /* GADBannerView.h */ = {isa = PBXFileReference; fileEncoding = 4; lastKnownFileType = sourcecode.c.h; path = GADBannerView.h; sourceTree = "<group>"; };
		222356001958813A00C77E46 /* GADBannerViewDelegate.h */ = {isa = PBXFileReference; fileEncoding = 4; lastKnownFileType = sourcecode.c.h; path = GADBannerViewDelegate.h; sourceTree = "<group>"; };
		222356011958813A00C77E46 /* GADInAppPurchase.h */ = {isa = PBXFileReference; fileEncoding = 4; lastKnownFileType = sourcecode.c.h; path = GADInAppPurchase.h; sourceTree = "<group>"; };
		222356021958813A00C77E46 /* GADInAppPurchaseDelegate.h */ = {isa = PBXFileReference; fileEncoding = 4; lastKnownFileType = sourcecode.c.h; path = GADInAppPurchaseDelegate.h; sourceTree = "<group>"; };
		222356031958813A00C77E46 /* GADInterstitial.h */ = {isa = PBXFileReference; fileEncoding = 4; lastKnownFileType = sourcecode.c.h; path = GADInterstitial.h; sourceTree = "<group>"; };
		222356041958813A00C77E46 /* GADInterstitialDelegate.h */ = {isa = PBXFileReference; fileEncoding = 4; lastKnownFileType = sourcecode.c.h; path = GADInterstitialDelegate.h; sourceTree = "<group>"; };
		222356051958813A00C77E46 /* GADModules.h */ = {isa = PBXFileReference; fileEncoding = 4; lastKnownFileType = sourcecode.c.h; path = GADModules.h; sourceTree = "<group>"; };
		222356061958813A00C77E46 /* GADRequest.h */ = {isa = PBXFileReference; fileEncoding = 4; lastKnownFileType = sourcecode.c.h; path = GADRequest.h; sourceTree = "<group>"; };
		222356071958813A00C77E46 /* GADRequestError.h */ = {isa = PBXFileReference; fileEncoding = 4; lastKnownFileType = sourcecode.c.h; path = GADRequestError.h; sourceTree = "<group>"; };
		222356081958813A00C77E46 /* libGoogleAdMobAds.a */ = {isa = PBXFileReference; lastKnownFileType = archive.ar; path = libGoogleAdMobAds.a; sourceTree = "<group>"; };
		222356091958813A00C77E46 /* README.txt */ = {isa = PBXFileReference; fileEncoding = 4; lastKnownFileType = text; path = README.txt; sourceTree = "<group>"; };
		2223560C1958816400C77E46 /* MessageUI.framework */ = {isa = PBXFileReference; lastKnownFileType = wrapper.framework; name = MessageUI.framework; path = Platforms/iPhoneOS.platform/Developer/SDKs/iPhoneOS7.1.sdk/System/Library/Frameworks/MessageUI.framework; sourceTree = DEVELOPER_DIR; };
		2223560E1958817500C77E46 /* CoreTelephony.framework */ = {isa = PBXFileReference; lastKnownFileType = wrapper.framework; name = CoreTelephony.framework; path = Platforms/iPhoneOS.platform/Developer/SDKs/iPhoneOS7.1.sdk/System/Library/Frameworks/CoreTelephony.framework; sourceTree = DEVELOPER_DIR; };
		22235613195881DC00C77E46 /* BannerViewController.h */ = {isa = PBXFileReference; fileEncoding = 4; lastKnownFileType = sourcecode.c.h; name = BannerViewController.h; path = ios/BannerViewController.h; sourceTree = SOURCE_ROOT; };
		22235614195881DC00C77E46 /* BannerViewController.m */ = {isa = PBXFileReference; fileEncoding = 4; lastKnownFileType = sourcecode.c.objc; name = BannerViewController.m; path = ios/BannerViewController.m; sourceTree = SOURCE_ROOT; };
		22235616195885D000C77E46 /* MediaPlayer.framework */ = {isa = PBXFileReference; lastKnownFileType = wrapper.framework; name = MediaPlayer.framework; path = Platforms/iPhoneOS.platform/Developer/SDKs/iPhoneOS7.1.sdk/System/Library/Frameworks/MediaPlayer.framework; sourceTree = DEVELOPER_DIR; };
		225D63D019581B5C0010CF1F /* font */ = {isa = PBXFileReference; lastKnownFileType = folder; path = font; sourceTree = "<group>"; };
		225D63D419581B660010CF1F /* LogoBalzo_white.png */ = {isa = PBXFileReference; lastKnownFileType = image.png; path = LogoBalzo_white.png; sourceTree = "<group>"; };
		2286156E19E192100042B8DA /* OpenGLES.framework */ = {isa = PBXFileReference; lastKnownFileType = wrapper.framework; name = OpenGLES.framework; path = Platforms/iPhoneOS.platform/Developer/SDKs/iPhoneOS8.0.sdk/System/Library/Frameworks/OpenGLES.framework; sourceTree = DEVELOPER_DIR; };
		2286157219E1921C0042B8DA /* UIKit.framework */ = {isa = PBXFileReference; lastKnownFileType = wrapper.framework; name = UIKit.framework; path = Platforms/iPhoneOS.platform/Developer/SDKs/iPhoneOS8.0.sdk/System/Library/Frameworks/UIKit.framework; sourceTree = DEVELOPER_DIR; };
		2286157419E192260042B8DA /* CoreMotion.framework */ = {isa = PBXFileReference; lastKnownFileType = wrapper.framework; name = CoreMotion.framework; path = Platforms/iPhoneOS.platform/Developer/SDKs/iPhoneOS8.0.sdk/System/Library/Frameworks/CoreMotion.framework; sourceTree = DEVELOPER_DIR; };
		22AFA8F81965606C0067A00D /* CBAnalytics.h */ = {isa = PBXFileReference; fileEncoding = 4; lastKnownFileType = sourcecode.c.h; path = CBAnalytics.h; sourceTree = "<group>"; };
		22AFA8F91965606C0067A00D /* CBMoreAppsButton.h */ = {isa = PBXFileReference; fileEncoding = 4; lastKnownFileType = sourcecode.c.h; path = CBMoreAppsButton.h; sourceTree = "<group>"; };
		22AFA8FA1965606C0067A00D /* CBNewsfeed.h */ = {isa = PBXFileReference; fileEncoding = 4; lastKnownFileType = sourcecode.c.h; path = CBNewsfeed.h; sourceTree = "<group>"; };
		22AFA8FB1965606C0067A00D /* CBNewsfeedUI.h */ = {isa = PBXFileReference; fileEncoding = 4; lastKnownFileType = sourcecode.c.h; path = CBNewsfeedUI.h; sourceTree = "<group>"; };
		22AFA8FC1965606C0067A00D /* CBPostInstallAnalyticsTracker.h */ = {isa = PBXFileReference; fileEncoding = 4; lastKnownFileType = sourcecode.c.h; path = CBPostInstallAnalyticsTracker.h; sourceTree = "<group>"; };
		22AFA8FD1965606C0067A00D /* CBStory.h */ = {isa = PBXFileReference; fileEncoding = 4; lastKnownFileType = sourcecode.c.h; path = CBStory.h; sourceTree = "<group>"; };
		22AFA8FE1965606C0067A00D /* CHANGELOG.md */ = {isa = PBXFileReference; fileEncoding = 4; lastKnownFileType = text; path = CHANGELOG.md; sourceTree = "<group>"; };
		22AFA8FF1965606C0067A00D /* Chartboost.h */ = {isa = PBXFileReference; fileEncoding = 4; lastKnownFileType = sourcecode.c.h; path = Chartboost.h; sourceTree = "<group>"; };
		22AFA9001965606C0067A00D /* ChartboostX_ios.mm */ = {isa = PBXFileReference; fileEncoding = 4; lastKnownFileType = sourcecode.cpp.objcpp; path = ChartboostX_ios.mm; sourceTree = "<group>"; };
		22AFA9011965606C0067A00D /* README.md */ = {isa = PBXFileReference; fileEncoding = 4; lastKnownFileType = text; path = README.md; sourceTree = "<group>"; };
		22AFA905196560980067A00D /* CoreMedia.framework */ = {isa = PBXFileReference; lastKnownFileType = wrapper.framework; name = CoreMedia.framework; path = Platforms/iPhoneOS.platform/Developer/SDKs/iPhoneOS7.1.sdk/System/Library/Frameworks/CoreMedia.framework; sourceTree = DEVELOPER_DIR; };
		22AFA9071965609E0067A00D /* CoreData.framework */ = {isa = PBXFileReference; lastKnownFileType = wrapper.framework; name = CoreData.framework; path = Platforms/iPhoneOS.platform/Developer/SDKs/iPhoneOS7.1.sdk/System/Library/Frameworks/CoreData.framework; sourceTree = DEVELOPER_DIR; };
		22AFA909196560A30067A00D /* AVFoundation.framework */ = {isa = PBXFileReference; lastKnownFileType = wrapper.framework; name = AVFoundation.framework; path = Platforms/iPhoneOS.platform/Developer/SDKs/iPhoneOS7.1.sdk/System/Library/Frameworks/AVFoundation.framework; sourceTree = DEVELOPER_DIR; };
		22B292B719547401004DDC29 /* GameScene.cpp */ = {isa = PBXFileReference; fileEncoding = 4; lastKnownFileType = sourcecode.cpp.cpp; name = GameScene.cpp; path = ../Classes/GameScene.cpp; sourceTree = "<group>"; };
		22B292B819547401004DDC29 /* GameScene.h */ = {isa = PBXFileReference; fileEncoding = 4; lastKnownFileType = sourcecode.c.h; name = GameScene.h; path = ../Classes/GameScene.h; sourceTree = "<group>"; };
		22B292BC19547427004DDC29 /* FakeSplash.cpp */ = {isa = PBXFileReference; fileEncoding = 4; lastKnownFileType = sourcecode.cpp.cpp; name = FakeSplash.cpp; path = ../Classes/FakeSplash.cpp; sourceTree = "<group>"; };
		22B292BD19547427004DDC29 /* FakeSplash.h */ = {isa = PBXFileReference; fileEncoding = 4; lastKnownFileType = sourcecode.c.h; name = FakeSplash.h; path = ../Classes/FakeSplash.h; sourceTree = "<group>"; };
		22B292BF19547730004DDC29 /* Obstacle.cpp */ = {isa = PBXFileReference; fileEncoding = 4; lastKnownFileType = sourcecode.cpp.cpp; name = Obstacle.cpp; path = ../Classes/Obstacle.cpp; sourceTree = "<group>"; };
		22B292C019547730004DDC29 /* Obstacle.h */ = {isa = PBXFileReference; fileEncoding = 4; lastKnownFileType = sourcecode.c.h; name = Obstacle.h; path = ../Classes/Obstacle.h; sourceTree = "<group>"; };
		22B292C219547775004DDC29 /* VisibleRect.cpp */ = {isa = PBXFileReference; fileEncoding = 4; lastKnownFileType = sourcecode.cpp.cpp; name = VisibleRect.cpp; path = ../Classes/VisibleRect.cpp; sourceTree = "<group>"; };
		22B292C319547775004DDC29 /* VisibleRect.h */ = {isa = PBXFileReference; fileEncoding = 4; lastKnownFileType = sourcecode.c.h; name = VisibleRect.h; path = ../Classes/VisibleRect.h; sourceTree = "<group>"; };
		22B292CB1954794A004DDC29 /* Suoni */ = {isa = PBXFileReference; lastKnownFileType = folder; path = Suoni; sourceTree = "<group>"; };
		22B292D119547967004DDC29 /* dump.c */ = {isa = PBXFileReference; fileEncoding = 4; lastKnownFileType = sourcecode.c.c; path = dump.c; sourceTree = "<group>"; };
		22B292D219547967004DDC29 /* error.c */ = {isa = PBXFileReference; fileEncoding = 4; lastKnownFileType = sourcecode.c.c; path = error.c; sourceTree = "<group>"; };
		22B292D319547967004DDC29 /* hashtable.c */ = {isa = PBXFileReference; fileEncoding = 4; lastKnownFileType = sourcecode.c.c; path = hashtable.c; sourceTree = "<group>"; };
		22B292D419547967004DDC29 /* hashtable.h */ = {isa = PBXFileReference; fileEncoding = 4; lastKnownFileType = sourcecode.c.h; path = hashtable.h; sourceTree = "<group>"; };
		22B292D519547967004DDC29 /* jansson.h */ = {isa = PBXFileReference; fileEncoding = 4; lastKnownFileType = sourcecode.c.h; path = jansson.h; sourceTree = "<group>"; };
		22B292D619547967004DDC29 /* jansson_config.h */ = {isa = PBXFileReference; fileEncoding = 4; lastKnownFileType = sourcecode.c.h; path = jansson_config.h; sourceTree = "<group>"; };
		22B292D719547967004DDC29 /* jansson_private.h */ = {isa = PBXFileReference; fileEncoding = 4; lastKnownFileType = sourcecode.c.h; path = jansson_private.h; sourceTree = "<group>"; };
		22B292D819547967004DDC29 /* load.c */ = {isa = PBXFileReference; fileEncoding = 4; lastKnownFileType = sourcecode.c.c; path = load.c; sourceTree = "<group>"; };
		22B292D919547967004DDC29 /* memory.c */ = {isa = PBXFileReference; fileEncoding = 4; lastKnownFileType = sourcecode.c.c; path = memory.c; sourceTree = "<group>"; };
		22B292DA19547967004DDC29 /* pack_unpack.c */ = {isa = PBXFileReference; fileEncoding = 4; lastKnownFileType = sourcecode.c.c; path = pack_unpack.c; sourceTree = "<group>"; };
		22B292DB19547967004DDC29 /* strbuffer.c */ = {isa = PBXFileReference; fileEncoding = 4; lastKnownFileType = sourcecode.c.c; path = strbuffer.c; sourceTree = "<group>"; };
		22B292DC19547967004DDC29 /* strbuffer.h */ = {isa = PBXFileReference; fileEncoding = 4; lastKnownFileType = sourcecode.c.h; path = strbuffer.h; sourceTree = "<group>"; };
		22B292DD19547967004DDC29 /* strconv.c */ = {isa = PBXFileReference; fileEncoding = 4; lastKnownFileType = sourcecode.c.c; path = strconv.c; sourceTree = "<group>"; };
		22B292DE19547967004DDC29 /* utf.c */ = {isa = PBXFileReference; fileEncoding = 4; lastKnownFileType = sourcecode.c.c; path = utf.c; sourceTree = "<group>"; };
		22B292DF19547967004DDC29 /* utf.h */ = {isa = PBXFileReference; fileEncoding = 4; lastKnownFileType = sourcecode.c.h; path = utf.h; sourceTree = "<group>"; };
		22B292E019547967004DDC29 /* value.c */ = {isa = PBXFileReference; fileEncoding = 4; lastKnownFileType = sourcecode.c.c; path = value.c; sourceTree = "<group>"; };
		22B292E219547967004DDC29 /* NDKCallbackNode.cpp */ = {isa = PBXFileReference; fileEncoding = 4; lastKnownFileType = sourcecode.cpp.cpp; path = NDKCallbackNode.cpp; sourceTree = "<group>"; };
		22B292E319547967004DDC29 /* NDKCallbackNode.h */ = {isa = PBXFileReference; fileEncoding = 4; lastKnownFileType = sourcecode.c.h; path = NDKCallbackNode.h; sourceTree = "<group>"; };
		22B292E419547967004DDC29 /* NDKHelper.cpp */ = {isa = PBXFileReference; fileEncoding = 4; lastKnownFileType = sourcecode.cpp.cpp; path = NDKHelper.cpp; sourceTree = "<group>"; };
		22B292E519547967004DDC29 /* NDKHelper.h */ = {isa = PBXFileReference; fileEncoding = 4; lastKnownFileType = sourcecode.c.h; path = NDKHelper.h; sourceTree = "<group>"; };
		22B292F319547C7A004DDC29 /* IOSNDKHelper-C-Interface.h */ = {isa = PBXFileReference; fileEncoding = 4; lastKnownFileType = sourcecode.c.h; path = "IOSNDKHelper-C-Interface.h"; sourceTree = "<group>"; };
		22B292F419547C7A004DDC29 /* IOSNDKHelper.h */ = {isa = PBXFileReference; fileEncoding = 4; lastKnownFileType = sourcecode.c.h; path = IOSNDKHelper.h; sourceTree = "<group>"; };
		22B292F519547C7A004DDC29 /* IOSNDKHelper.mm */ = {isa = PBXFileReference; fileEncoding = 4; lastKnownFileType = sourcecode.cpp.objcpp; path = IOSNDKHelper.mm; sourceTree = "<group>"; };
		22B293DC195481A1004DDC29 /* bg_ripetere.png */ = {isa = PBXFileReference; lastKnownFileType = image.png; path = bg_ripetere.png; sourceTree = "<group>"; };
		22B293E8195481A1004DDC29 /* logo.png */ = {isa = PBXFileReference; lastKnownFileType = image.png; path = logo.png; sourceTree = "<group>"; };
		22B293F1195481A1004DDC29 /* palla.png */ = {isa = PBXFileReference; lastKnownFileType = image.png; path = palla.png; sourceTree = "<group>"; };
		22B293F7195481A1004DDC29 /* rootBtn.png */ = {isa = PBXFileReference; lastKnownFileType = image.png; path = rootBtn.png; sourceTree = "<group>"; };
		22B293F8195481A1004DDC29 /* rootBtnTap.png */ = {isa = PBXFileReference; lastKnownFileType = image.png; path = rootBtnTap.png; sourceTree = "<group>"; };
		22B293F9195481A1004DDC29 /* splashScreen.png */ = {isa = PBXFileReference; lastKnownFileType = image.png; path = splashScreen.png; sourceTree = "<group>"; };
		22B293FA195481A1004DDC29 /* tifosiForeground.png */ = {isa = PBXFileReference; lastKnownFileType = image.png; path = tifosiForeground.png; sourceTree = "<group>"; };
		22DDF1A7195607D50046F585 /* PoseMario */ = {isa = PBXFileReference; lastKnownFileType = folder; path = PoseMario; sourceTree = "<group>"; };
		22DDF1A8195607D50046F585 /* tonyEsultante */ = {isa = PBXFileReference; lastKnownFileType = folder; path = tonyEsultante; sourceTree = "<group>"; };
		288765A40DF7441C002DB57D /* CoreGraphics.framework */ = {isa = PBXFileReference; lastKnownFileType = wrapper.framework; name = CoreGraphics.framework; path = System/Library/Frameworks/CoreGraphics.framework; sourceTree = SDKROOT; };
		503AE0F617EB97AB00D1A890 /* Icon.icns */ = {isa = PBXFileReference; lastKnownFileType = image.icns; path = Icon.icns; sourceTree = "<group>"; };
		503AE0F717EB97AB00D1A890 /* Info.plist */ = {isa = PBXFileReference; fileEncoding = 4; lastKnownFileType = text.plist.xml; path = Info.plist; sourceTree = "<group>"; };
		503AE0FA17EB989F00D1A890 /* AppController.h */ = {isa = PBXFileReference; fileEncoding = 4; lastKnownFileType = sourcecode.c.h; name = AppController.h; path = ios/AppController.h; sourceTree = SOURCE_ROOT; };
		503AE0FB17EB989F00D1A890 /* AppController.mm */ = {isa = PBXFileReference; fileEncoding = 4; lastKnownFileType = sourcecode.cpp.objcpp; name = AppController.mm; path = ios/AppController.mm; sourceTree = SOURCE_ROOT; };
		503AE0FC17EB989F00D1A890 /* main.m */ = {isa = PBXFileReference; fileEncoding = 4; lastKnownFileType = sourcecode.c.objc; name = main.m; path = ios/main.m; sourceTree = SOURCE_ROOT; };
		503AE0FD17EB989F00D1A890 /* Prefix.pch */ = {isa = PBXFileReference; fileEncoding = 4; lastKnownFileType = sourcecode.c.h; name = Prefix.pch; path = ios/Prefix.pch; sourceTree = SOURCE_ROOT; };
		503AE0FE17EB989F00D1A890 /* RootViewController.h */ = {isa = PBXFileReference; fileEncoding = 4; lastKnownFileType = sourcecode.c.h; name = RootViewController.h; path = ios/RootViewController.h; sourceTree = SOURCE_ROOT; };
		503AE0FF17EB989F00D1A890 /* RootViewController.mm */ = {isa = PBXFileReference; fileEncoding = 4; lastKnownFileType = sourcecode.cpp.objcpp; name = RootViewController.mm; path = ios/RootViewController.mm; sourceTree = SOURCE_ROOT; };
		503AE10317EB98FF00D1A890 /* main.cpp */ = {isa = PBXFileReference; fileEncoding = 4; lastKnownFileType = sourcecode.cpp.cpp; name = main.cpp; path = mac/main.cpp; sourceTree = "<group>"; };
		503AE10417EB98FF00D1A890 /* Prefix.pch */ = {isa = PBXFileReference; fileEncoding = 4; lastKnownFileType = sourcecode.c.h; name = Prefix.pch; path = mac/Prefix.pch; sourceTree = "<group>"; };
		503AE11117EB99EE00D1A890 /* libcurl.dylib */ = {isa = PBXFileReference; lastKnownFileType = "compiled.mach-o.dylib"; name = libcurl.dylib; path = usr/lib/libcurl.dylib; sourceTree = SDKROOT; };
		503AE11A17EB9C5A00D1A890 /* IOKit.framework */ = {isa = PBXFileReference; lastKnownFileType = wrapper.framework; name = IOKit.framework; path = System/Library/Frameworks/IOKit.framework; sourceTree = SDKROOT; };
		5087E76F17EB910900C73F5D /* FlappyMario Mac.app */ = {isa = PBXFileReference; explicitFileType = wrapper.application; includeInIndex = 0; path = "FlappyMario Mac.app"; sourceTree = BUILT_PRODUCTS_DIR; };
		5087E77C17EB970100C73F5D /* Info.plist */ = {isa = PBXFileReference; fileEncoding = 4; lastKnownFileType = text.plist.xml; path = Info.plist; sourceTree = "<group>"; };
		5087E78817EB974C00C73F5D /* AppKit.framework */ = {isa = PBXFileReference; lastKnownFileType = wrapper.framework; name = AppKit.framework; path = System/Library/Frameworks/AppKit.framework; sourceTree = SDKROOT; };
		5087E78A17EB975400C73F5D /* OpenGL.framework */ = {isa = PBXFileReference; lastKnownFileType = wrapper.framework; name = OpenGL.framework; path = System/Library/Frameworks/OpenGL.framework; sourceTree = SDKROOT; };
		BF170DB012928DE900B8313A /* OpenGLES.framework */ = {isa = PBXFileReference; lastKnownFileType = wrapper.framework; name = OpenGLES.framework; path = System/Library/Frameworks/OpenGLES.framework; sourceTree = SDKROOT; };
		BF170DB412928DE900B8313A /* libz.dylib */ = {isa = PBXFileReference; lastKnownFileType = "compiled.mach-o.dylib"; name = libz.dylib; path = usr/lib/libz.dylib; sourceTree = SDKROOT; };
		BF1C47EA1293683800B63C5D /* QuartzCore.framework */ = {isa = PBXFileReference; lastKnownFileType = wrapper.framework; name = QuartzCore.framework; path = System/Library/Frameworks/QuartzCore.framework; sourceTree = SDKROOT; };
		D44C620B132DFF330009C878 /* OpenAL.framework */ = {isa = PBXFileReference; lastKnownFileType = wrapper.framework; name = OpenAL.framework; path = System/Library/Frameworks/OpenAL.framework; sourceTree = SDKROOT; };
		D44C620D132DFF430009C878 /* AVFoundation.framework */ = {isa = PBXFileReference; lastKnownFileType = wrapper.framework; name = AVFoundation.framework; path = System/Library/Frameworks/AVFoundation.framework; sourceTree = SDKROOT; };
		D44C620F132DFF4E0009C878 /* AudioToolbox.framework */ = {isa = PBXFileReference; lastKnownFileType = wrapper.framework; name = AudioToolbox.framework; path = System/Library/Frameworks/AudioToolbox.framework; sourceTree = SDKROOT; };
		D6B0611A1803AB670077942B /* CoreMotion.framework */ = {isa = PBXFileReference; lastKnownFileType = wrapper.framework; name = CoreMotion.framework; path = Platforms/iPhoneOS.platform/Developer/SDKs/iPhoneOS7.0.sdk/System/Library/Frameworks/CoreMotion.framework; sourceTree = DEVELOPER_DIR; };
/* End PBXFileReference section */

/* Begin PBXFrameworksBuildPhase section */
		1D60588F0D05DD3D006BFB54 /* Frameworks */ = {
			isa = PBXFrameworksBuildPhase;
			buildActionMask = 2147483647;
			files = (
				2286157719E192450042B8DA /* libCocosDenshion iOS.a in Frameworks */,
				2286157619E192350042B8DA /* libCocosDenshion Mac.a in Frameworks */,
				2286157519E192270042B8DA /* CoreMotion.framework in Frameworks */,
				2286157319E1921C0042B8DA /* UIKit.framework in Frameworks */,
				2286156F19E192100042B8DA /* OpenGLES.framework in Frameworks */,
				22AFA90A196560A30067A00D /* AVFoundation.framework in Frameworks */,
				22AFA9081965609E0067A00D /* CoreData.framework in Frameworks */,
				22AFA906196560980067A00D /* CoreMedia.framework in Frameworks */,
				22235617195885D000C77E46 /* MediaPlayer.framework in Frameworks */,
				2223560F1958817500C77E46 /* CoreTelephony.framework in Frameworks */,
				2223560D1958816400C77E46 /* MessageUI.framework in Frameworks */,
				222355F81958726B00C77E46 /* AdSupport.framework in Frameworks */,
				222355F71958726500C77E46 /* StoreKit.framework in Frameworks */,
				222355F51958725800C77E46 /* QuartzCore.framework in Frameworks */,
				222355F31958724C00C77E46 /* CoreGraphics.framework in Frameworks */,
				222355E919586BAE00C77E46 /* Security.framework in Frameworks */,
				222355E719586B9D00C77E46 /* SystemConfiguration.framework in Frameworks */,
				1AC6FB2E180E99EB004C840B /* libbox2d iOS.a in Frameworks */,
				1AC6FB2F180E99EB004C840B /* libchipmunk iOS.a in Frameworks */,
				1AC6FB30180E99EB004C840B /* libcocos2dx iOS.a in Frameworks */,
				1AC6FB31180E99EB004C840B /* libcocos2dx-extensions iOS.a in Frameworks */,
				1D60589F0D05DD5A006BFB54 /* Foundation.framework in Frameworks */,
				222355F01958720700C77E46 /* libChartboost.a in Frameworks */,
				288765A50DF7441C002DB57D /* CoreGraphics.framework in Frameworks */,
				2223560A1958813A00C77E46 /* libGoogleAdMobAds.a in Frameworks */,
				BF1712471292920000B8313A /* libz.dylib in Frameworks */,
				BF1C47F01293687400B63C5D /* QuartzCore.framework in Frameworks */,
				D44C620C132DFF330009C878 /* OpenAL.framework in Frameworks */,
				D44C620E132DFF430009C878 /* AVFoundation.framework in Frameworks */,
				D44C6210132DFF4E0009C878 /* AudioToolbox.framework in Frameworks */,
				222355D61958687E00C77E46 /* libFlurry_4.3.2.a in Frameworks */,
			);
			runOnlyForDeploymentPostprocessing = 0;
		};
		5087E75C17EB910900C73F5D /* Frameworks */ = {
			isa = PBXFrameworksBuildPhase;
			buildActionMask = 2147483647;
			files = (
				1AC6FB1F180E996B004C840B /* libbox2d Mac.a in Frameworks */,
				1AC6FB20180E996B004C840B /* libchipmunk Mac.a in Frameworks */,
				1AC6FB21180E996B004C840B /* libcocos2dx Mac.a in Frameworks */,
				1AC6FB22180E996B004C840B /* libcocos2dx-extensions Mac.a in Frameworks */,
				1AC6FB23180E996B004C840B /* libCocosDenshion Mac.a in Frameworks */,
				503AE11217EB99EE00D1A890 /* libcurl.dylib in Frameworks */,
				5087E76717EB910900C73F5D /* libz.dylib in Frameworks */,
				503AE11B17EB9C5A00D1A890 /* IOKit.framework in Frameworks */,
				5087E78B17EB975400C73F5D /* OpenGL.framework in Frameworks */,
				5087E78917EB974C00C73F5D /* AppKit.framework in Frameworks */,
				5087E76317EB910900C73F5D /* Foundation.framework in Frameworks */,
				5087E76517EB910900C73F5D /* CoreGraphics.framework in Frameworks */,
				5087E76817EB910900C73F5D /* QuartzCore.framework in Frameworks */,
				5087E76917EB910900C73F5D /* OpenAL.framework in Frameworks */,
				5087E76A17EB910900C73F5D /* AVFoundation.framework in Frameworks */,
				5087E76B17EB910900C73F5D /* AudioToolbox.framework in Frameworks */,
			);
			runOnlyForDeploymentPostprocessing = 0;
		};
/* End PBXFrameworksBuildPhase section */

/* Begin PBXGroup section */
		080E96DDFE201D6D7F000001 /* ios */ = {
			isa = PBXGroup;
			children = (
				22AFA8F71965606C0067A00D /* Chartboost */,
				222355FB1958813A00C77E46 /* GoogleMobileAdsSdkiOS-6.9.3 */,
				222355EE1958720700C77E46 /* libChartboost.a */,
				222355DC195868FB00C77E46 /* Analytic-X */,
				5087E77117EB970100C73F5D /* Icons */,
				503AE0FA17EB989F00D1A890 /* AppController.h */,
				503AE0FB17EB989F00D1A890 /* AppController.mm */,
				222355D51958687E00C77E46 /* libFlurry_4.3.2.a */,
				222355D8195868A500C77E46 /* Flurry.h */,
				503AE0FC17EB989F00D1A890 /* main.m */,
				503AE0FD17EB989F00D1A890 /* Prefix.pch */,
				503AE0FE17EB989F00D1A890 /* RootViewController.h */,
				503AE0FF17EB989F00D1A890 /* RootViewController.mm */,
				22235613195881DC00C77E46 /* BannerViewController.h */,
				22235614195881DC00C77E46 /* BannerViewController.m */,
			);
			name = ios;
			path = Classes;
			sourceTree = "<group>";
		};
		15AA9C4015B7EC450033D6C2 /* Classes */ = {
			isa = PBXGroup;
			children = (
				222355F11958721400C77E46 /* AnalyticX.h */,
				22B292F219547C7A004DDC29 /* IOSNDKHelper */,
				22B292D019547967004DDC29 /* jansson */,
				22B292E119547967004DDC29 /* NDKHelper */,
				1AFAF8B316D35DE700DB1158 /* AppDelegate.cpp */,
				1AFAF8B416D35DE700DB1158 /* AppDelegate.h */,
				22B292B719547401004DDC29 /* GameScene.cpp */,
				22B292B819547401004DDC29 /* GameScene.h */,
				222355FA195879A200C77E46 /* ChartboostX.h */,
				22B292BC19547427004DDC29 /* FakeSplash.cpp */,
				22B292BD19547427004DDC29 /* FakeSplash.h */,
				22B292BF19547730004DDC29 /* Obstacle.cpp */,
				22B292C019547730004DDC29 /* Obstacle.h */,
				22B292C219547775004DDC29 /* VisibleRect.cpp */,
				22B292C319547775004DDC29 /* VisibleRect.h */,
			);
			name = Classes;
			path = ../classes;
			sourceTree = "<group>";
		};
		19C28FACFE9D520D11CA2CBB /* Products */ = {
			isa = PBXGroup;
			children = (
				1D6058910D05DD3D006BFB54 /* FlappyMario iOS.app */,
				5087E76F17EB910900C73F5D /* FlappyMario Mac.app */,
			);
			name = Products;
			sourceTree = "<group>";
		};
		1AC6FAE6180E9839004C840B /* Products */ = {
			isa = PBXGroup;
			children = (
				1AC6FAF9180E9839004C840B /* libcocos2dx Mac.a */,
				1AC6FAFB180E9839004C840B /* libcocos2dx-extensions Mac.a */,
				1AC6FAFD180E9839004C840B /* libchipmunk Mac.a */,
				1AC6FAFF180E9839004C840B /* libbox2d Mac.a */,
				1AC6FB01180E9839004C840B /* libCocosDenshion Mac.a */,
				1AC6FB07180E9839004C840B /* libcocos2dx iOS.a */,
				1AC6FB09180E9839004C840B /* libcocos2dx-extensions iOS.a */,
				1AC6FB0B180E9839004C840B /* libchipmunk iOS.a */,
				1AC6FB0D180E9839004C840B /* libbox2d iOS.a */,
				1AC6FB0F180E9839004C840B /* libCocosDenshion iOS.a */,
			);
			name = Products;
			sourceTree = "<group>";
		};
		222355DC195868FB00C77E46 /* Analytic-X */ = {
			isa = PBXGroup;
			children = (
				222355DD195868FB00C77E46 /* AnalyticX.mm */,
				222355DE195868FB00C77E46 /* AnalyticXStringUtil.h */,
				222355DF195868FB00C77E46 /* AnalyticXStringUtil.mm */,
			);
			name = "Analytic-X";
			path = "ios/Analytic-X";
			sourceTree = SOURCE_ROOT;
		};
		222355FB1958813A00C77E46 /* GoogleMobileAdsSdkiOS-6.9.3 */ = {
			isa = PBXGroup;
			children = (
				222355FC1958813A00C77E46 /* GADAdMobExtras.h */,
				222355FD1958813A00C77E46 /* GADAdNetworkExtras.h */,
				222355FE1958813A00C77E46 /* GADAdSize.h */,
				222355FF1958813A00C77E46 /* GADBannerView.h */,
				222356001958813A00C77E46 /* GADBannerViewDelegate.h */,
				222356011958813A00C77E46 /* GADInAppPurchase.h */,
				222356021958813A00C77E46 /* GADInAppPurchaseDelegate.h */,
				222356031958813A00C77E46 /* GADInterstitial.h */,
				222356041958813A00C77E46 /* GADInterstitialDelegate.h */,
				222356051958813A00C77E46 /* GADModules.h */,
				222356061958813A00C77E46 /* GADRequest.h */,
				222356071958813A00C77E46 /* GADRequestError.h */,
				222356081958813A00C77E46 /* libGoogleAdMobAds.a */,
				222356091958813A00C77E46 /* README.txt */,
			);
			name = "GoogleMobileAdsSdkiOS-6.9.3";
			path = "ios/GoogleMobileAdsSdkiOS-6.9.3";
			sourceTree = SOURCE_ROOT;
		};
		22AFA8F71965606C0067A00D /* Chartboost */ = {
			isa = PBXGroup;
			children = (
				22AFA8F81965606C0067A00D /* CBAnalytics.h */,
				22AFA8F91965606C0067A00D /* CBMoreAppsButton.h */,
				22AFA8FA1965606C0067A00D /* CBNewsfeed.h */,
				22AFA8FB1965606C0067A00D /* CBNewsfeedUI.h */,
				22AFA8FC1965606C0067A00D /* CBPostInstallAnalyticsTracker.h */,
				22AFA8FD1965606C0067A00D /* CBStory.h */,
				22AFA8FE1965606C0067A00D /* CHANGELOG.md */,
				22AFA8FF1965606C0067A00D /* Chartboost.h */,
				22AFA9001965606C0067A00D /* ChartboostX_ios.mm */,
				22AFA9011965606C0067A00D /* README.md */,
			);
			name = Chartboost;
			path = ios/Chartboost;
			sourceTree = SOURCE_ROOT;
		};
		22B292D019547967004DDC29 /* jansson */ = {
			isa = PBXGroup;
			children = (
				22B292D119547967004DDC29 /* dump.c */,
				22B292D219547967004DDC29 /* error.c */,
				22B292D319547967004DDC29 /* hashtable.c */,
				22B292D419547967004DDC29 /* hashtable.h */,
				22B292D519547967004DDC29 /* jansson.h */,
				22B292D619547967004DDC29 /* jansson_config.h */,
				22B292D719547967004DDC29 /* jansson_private.h */,
				22B292D819547967004DDC29 /* load.c */,
				22B292D919547967004DDC29 /* memory.c */,
				22B292DA19547967004DDC29 /* pack_unpack.c */,
				22B292DB19547967004DDC29 /* strbuffer.c */,
				22B292DC19547967004DDC29 /* strbuffer.h */,
				22B292DD19547967004DDC29 /* strconv.c */,
				22B292DE19547967004DDC29 /* utf.c */,
				22B292DF19547967004DDC29 /* utf.h */,
				22B292E019547967004DDC29 /* value.c */,
			);
			name = jansson;
			path = ../Classes/jansson;
			sourceTree = "<group>";
		};
		22B292E119547967004DDC29 /* NDKHelper */ = {
			isa = PBXGroup;
			children = (
				22B292E219547967004DDC29 /* NDKCallbackNode.cpp */,
				22B292E319547967004DDC29 /* NDKCallbackNode.h */,
				22B292E419547967004DDC29 /* NDKHelper.cpp */,
				22B292E519547967004DDC29 /* NDKHelper.h */,
			);
			name = NDKHelper;
			path = ../Classes/NDKHelper;
			sourceTree = "<group>";
		};
		22B292F219547C7A004DDC29 /* IOSNDKHelper */ = {
			isa = PBXGroup;
			children = (
				22B292F319547C7A004DDC29 /* IOSNDKHelper-C-Interface.h */,
				22B292F419547C7A004DDC29 /* IOSNDKHelper.h */,
				22B292F519547C7A004DDC29 /* IOSNDKHelper.mm */,
			);
			name = IOSNDKHelper;
			path = ../Classes/IOSNDKHelper;
			sourceTree = "<group>";
		};
		22B293DA195481A1004DDC29 /* sd */ = {
			isa = PBXGroup;
			children = (
				225D63D019581B5C0010CF1F /* font */,
				22DDF1A7195607D50046F585 /* PoseMario */,
				22DDF1A8195607D50046F585 /* tonyEsultante */,
				22B293DC195481A1004DDC29 /* bg_ripetere.png */,
				22B293E8195481A1004DDC29 /* logo.png */,
				22B293F1195481A1004DDC29 /* palla.png */,
				22B293F7195481A1004DDC29 /* rootBtn.png */,
				22B293F8195481A1004DDC29 /* rootBtnTap.png */,
				225D63D419581B660010CF1F /* LogoBalzo_white.png */,
				22B293F9195481A1004DDC29 /* splashScreen.png */,
				22B293FA195481A1004DDC29 /* tifosiForeground.png */,
			);
			path = sd;
			sourceTree = "<group>";
		};
		29B97314FDCFA39411CA2CEA /* CustomTemplate */ = {
			isa = PBXGroup;
			children = (
				222355CE1958620F00C77E46 /* Default-568h@2x.png */,
				1AC6FAE5180E9839004C840B /* cocos2d_libs.xcodeproj */,
				15AA9C4015B7EC450033D6C2 /* Classes */,
				29B97323FDCFA39411CA2CEA /* Frameworks */,
				080E96DDFE201D6D7F000001 /* ios */,
				503AE10617EB990700D1A890 /* mac */,
				19C28FACFE9D520D11CA2CBB /* Products */,
				78C7DDAA14EBA5050085D0C2 /* Resources */,
			);
			name = CustomTemplate;
			sourceTree = "<group>";
		};
		29B97323FDCFA39411CA2CEA /* Frameworks */ = {
			isa = PBXGroup;
			children = (
				2286157419E192260042B8DA /* CoreMotion.framework */,
				2286157219E1921C0042B8DA /* UIKit.framework */,
				2286156E19E192100042B8DA /* OpenGLES.framework */,
				22AFA909196560A30067A00D /* AVFoundation.framework */,
				22AFA9071965609E0067A00D /* CoreData.framework */,
				22AFA905196560980067A00D /* CoreMedia.framework */,
				22235616195885D000C77E46 /* MediaPlayer.framework */,
				2223560E1958817500C77E46 /* CoreTelephony.framework */,
				2223560C1958816400C77E46 /* MessageUI.framework */,
				222355F61958726500C77E46 /* StoreKit.framework */,
				222355F41958725800C77E46 /* QuartzCore.framework */,
				222355F21958724C00C77E46 /* CoreGraphics.framework */,
				222355E819586BAE00C77E46 /* Security.framework */,
				222355E519586B7600C77E46 /* SystemConfiguration.framework */,
				222355E319586B6200C77E46 /* AdSupport.framework */,
				D6B0611A1803AB670077942B /* CoreMotion.framework */,
				503AE11A17EB9C5A00D1A890 /* IOKit.framework */,
				503AE11117EB99EE00D1A890 /* libcurl.dylib */,
				5087E78A17EB975400C73F5D /* OpenGL.framework */,
				5087E78817EB974C00C73F5D /* AppKit.framework */,
				1ACB3243164770DE00914215 /* libcurl.a */,
				BF170DB412928DE900B8313A /* libz.dylib */,
				D44C620F132DFF4E0009C878 /* AudioToolbox.framework */,
				D44C620D132DFF430009C878 /* AVFoundation.framework */,
				288765A40DF7441C002DB57D /* CoreGraphics.framework */,
				1D30AB110D05D00D00671497 /* Foundation.framework */,
				D44C620B132DFF330009C878 /* OpenAL.framework */,
				BF170DB012928DE900B8313A /* OpenGLES.framework */,
				BF1C47EA1293683800B63C5D /* QuartzCore.framework */,
				1DF5F4DF0D08C38300B7A737 /* UIKit.framework */,
			);
			name = Frameworks;
			sourceTree = "<group>";
		};
		503AE0F517EB97AB00D1A890 /* Icons */ = {
			isa = PBXGroup;
			children = (
				503AE0F617EB97AB00D1A890 /* Icon.icns */,
				503AE0F717EB97AB00D1A890 /* Info.plist */,
			);
			name = Icons;
			path = mac;
			sourceTree = SOURCE_ROOT;
		};
		503AE10617EB990700D1A890 /* mac */ = {
			isa = PBXGroup;
			children = (
				503AE0F517EB97AB00D1A890 /* Icons */,
				503AE10317EB98FF00D1A890 /* main.cpp */,
				503AE10417EB98FF00D1A890 /* Prefix.pch */,
			);
			name = mac;
			sourceTree = "<group>";
		};
		5087E77117EB970100C73F5D /* Icons */ = {
			isa = PBXGroup;
			children = (
				222355A819585F8300C77E46 /* AppIcon29x29.png */,
				222355A919585F8300C77E46 /* AppIcon29x29@2x.png */,
				222355AA19585F8300C77E46 /* AppIcon40x40.png */,
				222355AB19585F8300C77E46 /* AppIcon40x40@2x.png */,
				222355AC19585F8300C77E46 /* AppIcon60x60.png */,
				222355AD19585F8300C77E46 /* AppIcon60x60@2x.png */,
				222355AE19585F8300C77E46 /* AppIcon76x76.png */,
				222355AF19585F8300C77E46 /* AppIcon76x76@2x.png */,
				222355B019585F8300C77E46 /* Icon-72.png */,
				222355B119585F8300C77E46 /* Icon-72@2x.png */,
				222355B219585F8300C77E46 /* Icon-Small-50.png */,
				222355B319585F8300C77E46 /* Icon-Small-50@2x.png */,
				222355B419585F8300C77E46 /* Icon-Small.png */,
				222355B519585F8300C77E46 /* Icon-Small@2x.png */,
				222355B619585F8300C77E46 /* Icon.png */,
				222355B719585F8300C77E46 /* Icon@2x.png */,
				222355B819585F8300C77E46 /* Info.plist */,
				222355B919585F8300C77E46 /* iTunesArtwork.png */,
				222355BA19585F8300C77E46 /* iTunesArtwork@2x.png */,
				5087E77C17EB970100C73F5D /* Info.plist */,
			);
			name = Icons;
			path = ios;
			sourceTree = SOURCE_ROOT;
		};
		78C7DDAA14EBA5050085D0C2 /* Resources */ = {
			isa = PBXGroup;
			children = (
				22B293DA195481A1004DDC29 /* sd */,
				22B292CB1954794A004DDC29 /* Suoni */,
			);
			name = Resources;
			path = ../Resources;
			sourceTree = "<group>";
		};
/* End PBXGroup section */

/* Begin PBXNativeTarget section */
		1D6058900D05DD3D006BFB54 /* FlappyMario iOS */ = {
			isa = PBXNativeTarget;
			buildConfigurationList = 1D6058960D05DD3E006BFB54 /* Build configuration list for PBXNativeTarget "FlappyMario iOS" */;
			buildPhases = (
				1D60588D0D05DD3D006BFB54 /* Resources */,
				1D60588E0D05DD3D006BFB54 /* Sources */,
				1D60588F0D05DD3D006BFB54 /* Frameworks */,
			);
			buildRules = (
			);
			dependencies = (
				1AC6FB25180E99E1004C840B /* PBXTargetDependency */,
				1AC6FB27180E99E1004C840B /* PBXTargetDependency */,
				1AC6FB29180E99E1004C840B /* PBXTargetDependency */,
				1AC6FB2B180E99E1004C840B /* PBXTargetDependency */,
				1AC6FB2D180E99E1004C840B /* PBXTargetDependency */,
			);
			name = "FlappyMario iOS";
			productName = iphone;
			productReference = 1D6058910D05DD3D006BFB54 /* FlappyMario iOS.app */;
			productType = "com.apple.product-type.application";
		};
		5087E73D17EB910900C73F5D /* FlappyMario Mac */ = {
			isa = PBXNativeTarget;
			buildConfigurationList = 5087E76C17EB910900C73F5D /* Build configuration list for PBXNativeTarget "FlappyMario Mac" */;
			buildPhases = (
				5087E74817EB910900C73F5D /* Resources */,
				5087E75617EB910900C73F5D /* Sources */,
				5087E75C17EB910900C73F5D /* Frameworks */,
			);
			buildRules = (
			);
			dependencies = (
				1AC6FB1E180E9963004C840B /* PBXTargetDependency */,
				1AC6FB16180E9959004C840B /* PBXTargetDependency */,
				1AC6FB18180E9959004C840B /* PBXTargetDependency */,
				1AC6FB1A180E9959004C840B /* PBXTargetDependency */,
				1AC6FB1C180E9959004C840B /* PBXTargetDependency */,
			);
			name = "FlappyMario Mac";
			productName = iphone;
			productReference = 5087E76F17EB910900C73F5D /* FlappyMario Mac.app */;
			productType = "com.apple.product-type.application";
		};
/* End PBXNativeTarget section */

/* Begin PBXProject section */
		29B97313FDCFA39411CA2CEA /* Project object */ = {
			isa = PBXProject;
			attributes = {
				LastUpgradeCheck = 0510;
				TargetAttributes = {
					1D6058900D05DD3D006BFB54 = {
						DevelopmentTeam = G6RAKRKZPR;
					};
				};
			};
			buildConfigurationList = C01FCF4E08A954540054247B /* Build configuration list for PBXProject "FlappyMario" */;
			compatibilityVersion = "Xcode 3.2";
			developmentRegion = English;
			hasScannedForEncodings = 1;
			knownRegions = (
				English,
				Japanese,
				French,
				German,
			);
			mainGroup = 29B97314FDCFA39411CA2CEA /* CustomTemplate */;
			projectDirPath = "";
			projectReferences = (
				{
					ProductGroup = 1AC6FAE6180E9839004C840B /* Products */;
					ProjectRef = 1AC6FAE5180E9839004C840B /* cocos2d_libs.xcodeproj */;
				},
			);
			projectRoot = "";
			targets = (
				1D6058900D05DD3D006BFB54 /* FlappyMario iOS */,
				5087E73D17EB910900C73F5D /* FlappyMario Mac */,
			);
		};
/* End PBXProject section */

/* Begin PBXReferenceProxy section */
		1AC6FAF9180E9839004C840B /* libcocos2dx Mac.a */ = {
			isa = PBXReferenceProxy;
			fileType = archive.ar;
			path = "libcocos2dx Mac.a";
			remoteRef = 1AC6FAF8180E9839004C840B /* PBXContainerItemProxy */;
			sourceTree = BUILT_PRODUCTS_DIR;
		};
		1AC6FAFB180E9839004C840B /* libcocos2dx-extensions Mac.a */ = {
			isa = PBXReferenceProxy;
			fileType = archive.ar;
			path = "libcocos2dx-extensions Mac.a";
			remoteRef = 1AC6FAFA180E9839004C840B /* PBXContainerItemProxy */;
			sourceTree = BUILT_PRODUCTS_DIR;
		};
		1AC6FAFD180E9839004C840B /* libchipmunk Mac.a */ = {
			isa = PBXReferenceProxy;
			fileType = archive.ar;
			path = "libchipmunk Mac.a";
			remoteRef = 1AC6FAFC180E9839004C840B /* PBXContainerItemProxy */;
			sourceTree = BUILT_PRODUCTS_DIR;
		};
		1AC6FAFF180E9839004C840B /* libbox2d Mac.a */ = {
			isa = PBXReferenceProxy;
			fileType = archive.ar;
			path = "libbox2d Mac.a";
			remoteRef = 1AC6FAFE180E9839004C840B /* PBXContainerItemProxy */;
			sourceTree = BUILT_PRODUCTS_DIR;
		};
		1AC6FB01180E9839004C840B /* libCocosDenshion Mac.a */ = {
			isa = PBXReferenceProxy;
			fileType = archive.ar;
			path = "libCocosDenshion Mac.a";
			remoteRef = 1AC6FB00180E9839004C840B /* PBXContainerItemProxy */;
			sourceTree = BUILT_PRODUCTS_DIR;
		};
		1AC6FB07180E9839004C840B /* libcocos2dx iOS.a */ = {
			isa = PBXReferenceProxy;
			fileType = archive.ar;
			path = "libcocos2dx iOS.a";
			remoteRef = 1AC6FB06180E9839004C840B /* PBXContainerItemProxy */;
			sourceTree = BUILT_PRODUCTS_DIR;
		};
		1AC6FB09180E9839004C840B /* libcocos2dx-extensions iOS.a */ = {
			isa = PBXReferenceProxy;
			fileType = archive.ar;
			path = "libcocos2dx-extensions iOS.a";
			remoteRef = 1AC6FB08180E9839004C840B /* PBXContainerItemProxy */;
			sourceTree = BUILT_PRODUCTS_DIR;
		};
		1AC6FB0B180E9839004C840B /* libchipmunk iOS.a */ = {
			isa = PBXReferenceProxy;
			fileType = archive.ar;
			path = "libchipmunk iOS.a";
			remoteRef = 1AC6FB0A180E9839004C840B /* PBXContainerItemProxy */;
			sourceTree = BUILT_PRODUCTS_DIR;
		};
		1AC6FB0D180E9839004C840B /* libbox2d iOS.a */ = {
			isa = PBXReferenceProxy;
			fileType = archive.ar;
			path = "libbox2d iOS.a";
			remoteRef = 1AC6FB0C180E9839004C840B /* PBXContainerItemProxy */;
			sourceTree = BUILT_PRODUCTS_DIR;
		};
		1AC6FB0F180E9839004C840B /* libCocosDenshion iOS.a */ = {
			isa = PBXReferenceProxy;
			fileType = archive.ar;
			path = "libCocosDenshion iOS.a";
			remoteRef = 1AC6FB0E180E9839004C840B /* PBXContainerItemProxy */;
			sourceTree = BUILT_PRODUCTS_DIR;
		};
/* End PBXReferenceProxy section */

/* Begin PBXResourcesBuildPhase section */
		1D60588D0D05DD3D006BFB54 /* Resources */ = {
			isa = PBXResourcesBuildPhase;
			buildActionMask = 2147483647;
			files = (
				222355C919585F8300C77E46 /* Icon.png in Resources */,
				225D63D519581B660010CF1F /* LogoBalzo_white.png in Resources */,
				22B29432195481A1004DDC29 /* tifosiForeground.png in Resources */,
				222355C519585F8300C77E46 /* Icon-Small-50.png in Resources */,
				222355C719585F8300C77E46 /* Icon-Small.png in Resources */,
				222355C119585F8300C77E46 /* AppIcon76x76.png in Resources */,
				2223560B1958813A00C77E46 /* README.txt in Resources */,
				222355C819585F8300C77E46 /* Icon-Small@2x.png in Resources */,
				22B29431195481A1004DDC29 /* splashScreen.png in Resources */,
				225D63D119581B5C0010CF1F /* font in Resources */,
				222355CA19585F8300C77E46 /* Icon@2x.png in Resources */,
				222355C319585F8300C77E46 /* Icon-72.png in Resources */,
				22B29416195481A1004DDC29 /* bg_ripetere.png in Resources */,
				22AFA9021965606C0067A00D /* CHANGELOG.md in Resources */,
				222355BF19585F8300C77E46 /* AppIcon60x60.png in Resources */,
				22DDF1AA195607D50046F585 /* tonyEsultante in Resources */,
				22B29430195481A1004DDC29 /* rootBtnTap.png in Resources */,
				222355CD19585F8300C77E46 /* iTunesArtwork@2x.png in Resources */,
				222355C419585F8300C77E46 /* Icon-72@2x.png in Resources */,
				222355CF1958620F00C77E46 /* Default-568h@2x.png in Resources */,
				222355BD19585F8300C77E46 /* AppIcon40x40.png in Resources */,
				222355CC19585F8300C77E46 /* iTunesArtwork.png in Resources */,
				22B29421195481A1004DDC29 /* logo.png in Resources */,
				222355C019585F8300C77E46 /* AppIcon60x60@2x.png in Resources */,
				222355C219585F8300C77E46 /* AppIcon76x76@2x.png in Resources */,
				22B292CF1954794A004DDC29 /* Suoni in Resources */,
				222355BE19585F8300C77E46 /* AppIcon40x40@2x.png in Resources */,
				222355C619585F8300C77E46 /* Icon-Small-50@2x.png in Resources */,
				22AFA9041965606C0067A00D /* README.md in Resources */,
				22DDF1A9195607D50046F585 /* PoseMario in Resources */,
				222355BC19585F8300C77E46 /* AppIcon29x29@2x.png in Resources */,
				22B2942F195481A1004DDC29 /* rootBtn.png in Resources */,
				222355BB19585F8300C77E46 /* AppIcon29x29.png in Resources */,
				22B2942A195481A1004DDC29 /* palla.png in Resources */,
			);
			runOnlyForDeploymentPostprocessing = 0;
		};
		5087E74817EB910900C73F5D /* Resources */ = {
			isa = PBXResourcesBuildPhase;
			buildActionMask = 2147483647;
			files = (
				503AE0F817EB97AB00D1A890 /* Icon.icns in Resources */,
			);
			runOnlyForDeploymentPostprocessing = 0;
		};
/* End PBXResourcesBuildPhase section */

/* Begin PBXSourcesBuildPhase section */
		1D60588E0D05DD3D006BFB54 /* Sources */ = {
			isa = PBXSourcesBuildPhase;
			buildActionMask = 2147483647;
			files = (
				503AE10017EB989F00D1A890 /* AppController.mm in Sources */,
				503AE10217EB989F00D1A890 /* RootViewController.mm in Sources */,
				22B292F019547967004DDC29 /* NDKCallbackNode.cpp in Sources */,
				22B292F119547967004DDC29 /* NDKHelper.cpp in Sources */,
				22B292BE19547427004DDC29 /* FakeSplash.cpp in Sources */,
				222355E0195868FB00C77E46 /* AnalyticX.mm in Sources */,
				22B292EF19547967004DDC29 /* value.c in Sources */,
				1AFAF8B716D35DE700DB1158 /* AppDelegate.cpp in Sources */,
				22B292EE19547967004DDC29 /* utf.c in Sources */,
				22B292E719547967004DDC29 /* error.c in Sources */,
				22AFA9031965606C0067A00D /* ChartboostX_ios.mm in Sources */,
				22B292C419547775004DDC29 /* VisibleRect.cpp in Sources */,
				22B292E619547967004DDC29 /* dump.c in Sources */,
				22B292E919547967004DDC29 /* load.c in Sources */,
				22235615195881DC00C77E46 /* BannerViewController.m in Sources */,
				222355E1195868FB00C77E46 /* AnalyticXStringUtil.mm in Sources */,
				22B292EB19547967004DDC29 /* pack_unpack.c in Sources */,
				22B292ED19547967004DDC29 /* strconv.c in Sources */,
				503AE10117EB989F00D1A890 /* main.m in Sources */,
				22B292EA19547967004DDC29 /* memory.c in Sources */,
				22B292E819547967004DDC29 /* hashtable.c in Sources */,
				22B292EC19547967004DDC29 /* strbuffer.c in Sources */,
				22B292B919547401004DDC29 /* GameScene.cpp in Sources */,
				22B292F619547C7A004DDC29 /* IOSNDKHelper.mm in Sources */,
				22B292C119547730004DDC29 /* Obstacle.cpp in Sources */,
			);
			runOnlyForDeploymentPostprocessing = 0;
		};
		5087E75617EB910900C73F5D /* Sources */ = {
			isa = PBXSourcesBuildPhase;
			buildActionMask = 2147483647;
			files = (
				5087E75717EB910900C73F5D /* AppDelegate.cpp in Sources */,
				503AE10517EB98FF00D1A890 /* main.cpp in Sources */,
			);
			runOnlyForDeploymentPostprocessing = 0;
		};
/* End PBXSourcesBuildPhase section */

/* Begin PBXTargetDependency section */
		1AC6FB16180E9959004C840B /* PBXTargetDependency */ = {
			isa = PBXTargetDependency;
			name = "cocos2dx Mac";
			targetProxy = 1AC6FB15180E9959004C840B /* PBXContainerItemProxy */;
		};
		1AC6FB18180E9959004C840B /* PBXTargetDependency */ = {
			isa = PBXTargetDependency;
			name = "cocos2dx-extensions Mac";
			targetProxy = 1AC6FB17180E9959004C840B /* PBXContainerItemProxy */;
		};
		1AC6FB1A180E9959004C840B /* PBXTargetDependency */ = {
			isa = PBXTargetDependency;
			name = "chipmunk Mac";
			targetProxy = 1AC6FB19180E9959004C840B /* PBXContainerItemProxy */;
		};
		1AC6FB1C180E9959004C840B /* PBXTargetDependency */ = {
			isa = PBXTargetDependency;
			name = "CocosDenshion Mac";
			targetProxy = 1AC6FB1B180E9959004C840B /* PBXContainerItemProxy */;
		};
		1AC6FB1E180E9963004C840B /* PBXTargetDependency */ = {
			isa = PBXTargetDependency;
			name = "box2d Mac";
			targetProxy = 1AC6FB1D180E9963004C840B /* PBXContainerItemProxy */;
		};
		1AC6FB25180E99E1004C840B /* PBXTargetDependency */ = {
			isa = PBXTargetDependency;
			name = "cocos2dx iOS";
			targetProxy = 1AC6FB24180E99E1004C840B /* PBXContainerItemProxy */;
		};
		1AC6FB27180E99E1004C840B /* PBXTargetDependency */ = {
			isa = PBXTargetDependency;
			name = "cocos2dx-extensions iOS";
			targetProxy = 1AC6FB26180E99E1004C840B /* PBXContainerItemProxy */;
		};
		1AC6FB29180E99E1004C840B /* PBXTargetDependency */ = {
			isa = PBXTargetDependency;
			name = "chipmunk iOS";
			targetProxy = 1AC6FB28180E99E1004C840B /* PBXContainerItemProxy */;
		};
		1AC6FB2B180E99E1004C840B /* PBXTargetDependency */ = {
			isa = PBXTargetDependency;
			name = "box2d iOS";
			targetProxy = 1AC6FB2A180E99E1004C840B /* PBXContainerItemProxy */;
		};
		1AC6FB2D180E99E1004C840B /* PBXTargetDependency */ = {
			isa = PBXTargetDependency;
			name = "CocosDenshion iOS";
			targetProxy = 1AC6FB2C180E99E1004C840B /* PBXContainerItemProxy */;
		};
/* End PBXTargetDependency section */

/* Begin XCBuildConfiguration section */
		1D6058940D05DD3E006BFB54 /* Debug */ = {
			isa = XCBuildConfiguration;
			buildSettings = {
				ALWAYS_SEARCH_USER_PATHS = YES;
				CODE_SIGN_IDENTITY = "iPhone Developer";
				"CODE_SIGN_IDENTITY[sdk=iphoneos*]" = "iPhone Developer";
				COMPRESS_PNG_FILES = NO;
				GCC_DYNAMIC_NO_PIC = NO;
				GCC_INLINES_ARE_PRIVATE_EXTERN = NO;
				GCC_PRECOMPILE_PREFIX_HEADER = YES;
				GCC_PREFIX_HEADER = ios/Prefix.pch;
				GCC_PREPROCESSOR_DEFINITIONS = (
					USE_FILE32API,
					CC_TARGET_OS_IPHONE,
					"COCOS2D_DEBUG=1",
					"CC_ENABLE_CHIPMUNK_INTEGRATION=1",
				);
				GCC_SYMBOLS_PRIVATE_EXTERN = NO;
				HEADER_SEARCH_PATHS = (
					"$(inherited)",
					"$(SRCROOT)/../cocos2d/cocos/platform/ios",
					"$(SRCROOT)/../cocos2d/cocos/platform/ios/Simulation",
				);
				INFOPLIST_FILE = ios/Info.plist;
				IPHONEOS_DEPLOYMENT_TARGET = 5.0;
				LIBRARY_SEARCH_PATHS = (
					"$(PROJECT_DIR)/ios",
					"$(PROJECT_DIR)/ios/GoogleMobileAdsSdkiOS-6.9.3",
				);
				ONLY_ACTIVE_ARCH = YES;
				OTHER_LDFLAGS = "-ObjC";
				PROVISIONING_PROFILE = "";
				SDKROOT = iphoneos;
				TARGETED_DEVICE_FAMILY = "1,2";
				USER_HEADER_SEARCH_PATHS = "";
				VALID_ARCHS = "armv7s armv7";
			};
			name = Debug;
		};
		1D6058950D05DD3E006BFB54 /* Release */ = {
			isa = XCBuildConfiguration;
			buildSettings = {
				ALWAYS_SEARCH_USER_PATHS = YES;
				CODE_SIGN_IDENTITY = "iPhone Developer";
				"CODE_SIGN_IDENTITY[sdk=iphoneos*]" = "iPhone Developer";
				COMPRESS_PNG_FILES = NO;
				GCC_INLINES_ARE_PRIVATE_EXTERN = NO;
				GCC_PRECOMPILE_PREFIX_HEADER = YES;
				GCC_PREFIX_HEADER = ios/Prefix.pch;
				GCC_PREPROCESSOR_DEFINITIONS = (
					USE_FILE32API,
					CC_TARGET_OS_IPHONE,
					"CC_ENABLE_CHIPMUNK_INTEGRATION=1",
				);
				GCC_SYMBOLS_PRIVATE_EXTERN = NO;
				HEADER_SEARCH_PATHS = (
					"$(inherited)",
					"$(SRCROOT)/../cocos2d/cocos/platform/ios",
					"$(SRCROOT)/../cocos2d/cocos/platform/ios/Simulation",
				);
				INFOPLIST_FILE = ios/Info.plist;
				IPHONEOS_DEPLOYMENT_TARGET = 5.0;
				LIBRARY_SEARCH_PATHS = (
					"$(PROJECT_DIR)/ios",
					"$(PROJECT_DIR)/ios/GoogleMobileAdsSdkiOS-6.9.3",
				);
				ONLY_ACTIVE_ARCH = NO;
				OTHER_LDFLAGS = "-ObjC";
				PROVISIONING_PROFILE = "";
				SDKROOT = iphoneos;
				TARGETED_DEVICE_FAMILY = "1,2";
				USER_HEADER_SEARCH_PATHS = "";
				VALID_ARCHS = "armv7s armv7";
			};
			name = Release;
		};
		5087E76D17EB910900C73F5D /* Debug */ = {
			isa = XCBuildConfiguration;
			buildSettings = {
				ALWAYS_SEARCH_USER_PATHS = YES;
				CLANG_CXX_LANGUAGE_STANDARD = "c++0x";
				CLANG_CXX_LIBRARY = "libc++";
				COMBINE_HIDPI_IMAGES = YES;
				GCC_DYNAMIC_NO_PIC = NO;
				GCC_INLINES_ARE_PRIVATE_EXTERN = NO;
				GCC_PRECOMPILE_PREFIX_HEADER = YES;
				GCC_PREFIX_HEADER = mac/Prefix.pch;
				GCC_PREPROCESSOR_DEFINITIONS = (
					USE_FILE32API,
					CC_TARGET_OS_MAC,
					"COCOS2D_DEBUG=1",
					"CC_ENABLE_CHIPMUNK_INTEGRATION=1",
				);
				GCC_SYMBOLS_PRIVATE_EXTERN = NO;
				HEADER_SEARCH_PATHS = (
					"$(inherited)",
					"$(SRCROOT)/../cocos2d/cocos/platform/mac",
					"$(SRCROOT)/../cocos2d/external/glfw3/include/mac",
				);
				INFOPLIST_FILE = mac/Info.plist;
				LIBRARY_SEARCH_PATHS = "";
				USER_HEADER_SEARCH_PATHS = "";
			};
			name = Debug;
		};
		5087E76E17EB910900C73F5D /* Release */ = {
			isa = XCBuildConfiguration;
			buildSettings = {
				ALWAYS_SEARCH_USER_PATHS = YES;
				CLANG_CXX_LANGUAGE_STANDARD = "c++0x";
				CLANG_CXX_LIBRARY = "libc++";
				COMBINE_HIDPI_IMAGES = YES;
				GCC_INLINES_ARE_PRIVATE_EXTERN = NO;
				GCC_PRECOMPILE_PREFIX_HEADER = YES;
				GCC_PREFIX_HEADER = mac/Prefix.pch;
				GCC_PREPROCESSOR_DEFINITIONS = (
					USE_FILE32API,
					CC_TARGET_OS_MAC,
					"CC_ENABLE_CHIPMUNK_INTEGRATION=1",
				);
				GCC_SYMBOLS_PRIVATE_EXTERN = NO;
				HEADER_SEARCH_PATHS = (
					"$(inherited)",
					"$(SRCROOT)/../cocos2d/cocos/platform/mac",
					"$(SRCROOT)/../cocos2d/external/glfw3/include/mac",
				);
				INFOPLIST_FILE = mac/Info.plist;
				LIBRARY_SEARCH_PATHS = "";
				USER_HEADER_SEARCH_PATHS = "";
			};
			name = Release;
		};
		C01FCF4F08A954540054247B /* Debug */ = {
			isa = XCBuildConfiguration;
			buildSettings = {
				CLANG_CXX_LANGUAGE_STANDARD = "c++0x";
				CLANG_CXX_LIBRARY = "libc++";
				COPY_PHASE_STRIP = NO;
				GCC_OPTIMIZATION_LEVEL = 0;
				GCC_WARN_ABOUT_RETURN_TYPE = YES;
				GCC_WARN_UNUSED_VARIABLE = YES;
				HEADER_SEARCH_PATHS = (
					"$(SRCROOT)/../cocos2d",
					"$(SRCROOT)/../cocos2d/cocos",
					"$(SRCROOT)/../cocos2d/cocos/base",
					"$(SRCROOT)/../cocos2d/cocos/physics",
					"$(SRCROOT)/../cocos2d/cocos/math",
					"$(SRCROOT)/../cocos2d/cocos/2d",
					"$(SRCROOT)/../cocos2d/cocos/ui",
					"$(SRCROOT)/../cocos2d/cocos/network",
					"$(SRCROOT)/../cocos2d/cocos/audio/include",
					"$(SRCROOT)/../cocos2d/cocos/editor-support",
					"$(SRCROOT)/../cocos2d/extensions",
					"$(SRCROOT)/../cocos2d/external",
					"$(SRCROOT)/../cocos2d/external/chipmunk/include/chipmunk",
				);
				ONLY_ACTIVE_ARCH = YES;
				PRODUCT_NAME = "$(TARGET_NAME)";
				SDKROOT = macosx;
			};
			name = Debug;
		};
		C01FCF5008A954540054247B /* Release */ = {
			isa = XCBuildConfiguration;
			buildSettings = {
				CLANG_CXX_LANGUAGE_STANDARD = "c++0x";
				CLANG_CXX_LIBRARY = "libc++";
				GCC_WARN_ABOUT_RETURN_TYPE = YES;
				GCC_WARN_UNUSED_VARIABLE = YES;
				HEADER_SEARCH_PATHS = (
					"$(SRCROOT)/../cocos2d",
					"$(SRCROOT)/../cocos2d/cocos",
					"$(SRCROOT)/../cocos2d/cocos/base",
					"$(SRCROOT)/../cocos2d/cocos/physics",
					"$(SRCROOT)/../cocos2d/cocos/math",
					"$(SRCROOT)/../cocos2d/cocos/2d",
					"$(SRCROOT)/../cocos2d/cocos/ui",
					"$(SRCROOT)/../cocos2d/cocos/network",
					"$(SRCROOT)/../cocos2d/cocos/audio/include",
					"$(SRCROOT)/../cocos2d/cocos/editor-support",
					"$(SRCROOT)/../cocos2d/extensions",
					"$(SRCROOT)/../cocos2d/external",
					"$(SRCROOT)/../cocos2d/external/chipmunk/include/chipmunk",
				);
				OTHER_CFLAGS = "-DNS_BLOCK_ASSERTIONS=1";
				PRODUCT_NAME = "$(TARGET_NAME)";
				SDKROOT = macosx;
				VALIDATE_PRODUCT = YES;
			};
			name = Release;
		};
/* End XCBuildConfiguration section */

/* Begin XCConfigurationList section */
		1D6058960D05DD3E006BFB54 /* Build configuration list for PBXNativeTarget "FlappyMario iOS" */ = {
			isa = XCConfigurationList;
			buildConfigurations = (
				1D6058940D05DD3E006BFB54 /* Debug */,
				1D6058950D05DD3E006BFB54 /* Release */,
			);
			defaultConfigurationIsVisible = 0;
			defaultConfigurationName = Debug;
		};
		5087E76C17EB910900C73F5D /* Build configuration list for PBXNativeTarget "FlappyMario Mac" */ = {
			isa = XCConfigurationList;
			buildConfigurations = (
				5087E76D17EB910900C73F5D /* Debug */,
				5087E76E17EB910900C73F5D /* Release */,
			);
			defaultConfigurationIsVisible = 0;
			defaultConfigurationName = Debug;
		};
		C01FCF4E08A954540054247B /* Build configuration list for PBXProject "FlappyMario" */ = {
			isa = XCConfigurationList;
			buildConfigurations = (
				C01FCF4F08A954540054247B /* Debug */,
				C01FCF5008A954540054247B /* Release */,
			);
			defaultConfigurationIsVisible = 0;
			defaultConfigurationName = Debug;
		};
/* End XCConfigurationList section */
	};
	rootObject = 29B97313FDCFA39411CA2CEA /* Project object */;
}
